PODS:
  - fluid-slider (0.0.6):
    - pop
  - pop (1.0.10)
  - RxBluetoothKit (5.1.4):
    - RxSwift (~> 4.0)
  - RxCocoa (4.4.1):
    - RxSwift (~> 4.0)
  - RxCoreLocation (1.3.2):
    - RxCoreLocation/Core (= 1.3.2)
  - RxCoreLocation/Core (1.3.2):
    - RxCocoa (~> 4.0)
    - RxSwift (~> 4.0)
  - RxSwift (4.3.1)

DEPENDENCIES:
  - fluid-slider
  - RxBluetoothKit
  - RxCoreLocation (~> 1.3.2)

SPEC REPOS:
  https://github.com/cocoapods/specs.git:
    - fluid-slider
    - pop
    - RxBluetoothKit
    - RxCocoa
    - RxCoreLocation
    - RxSwift

SPEC CHECKSUMS:
  fluid-slider: 3aeb48bd7f875dc0431963fde12674e69c7c0ed2
  pop: 82ca6b068ce9278fd350fd9dd09482a0ce9492e6
  RxBluetoothKit: d18f7beb5fd4d2b24659d57548e38d5d2fac885b
  RxCocoa: 2f35a76bf8887872e28a1914112395b11b8e0e64
  RxCoreLocation: 23d0f2f06fba5af57f2fa9064a5c165e75eb4c33
  RxSwift: fe0fd770a43acdb7d0a53da411c9b892e69bb6e4

PODFILE CHECKSUM: 0031a245cf5fdb8521a9e8c9abfbac96cf1f0cfa

COCOAPODS: 1.5.3
