// !$*UTF8*$!
{
	archiveVersion = 1;
	classes = {
	};
	objectVersion = 50;
	objects = {

/* Begin PBXBuildFile section */
		671680447B9AAF27D48CB121 /* Pods_VanTomationTests.framework in Frameworks */ = {isa = PBXBuildFile; fileRef = FF0657AD084F29454B02218E /* Pods_VanTomationTests.framework */; };
		81CA7BBD21B9A45200344D45 /* IntentHandler.swift in Sources */ = {isa = PBXBuildFile; fileRef = 81CA7BBC21B9A45200344D45 /* IntentHandler.swift */; };
		81CA7BC121B9A45200344D45 /* AutomationIntents.appex in Embed App Extensions */ = {isa = PBXBuildFile; fileRef = 81CA7BBA21B9A45200344D45 /* AutomationIntents.appex */; settings = {ATTRIBUTES = (RemoveHeadersOnCopy, ); }; };
		81DEA22B21BB407700D1D4EF /* IntercomManager.swift in Sources */ = {isa = PBXBuildFile; fileRef = 81DEA22A21BB407700D1D4EF /* IntercomManager.swift */; };
		81DEA22C21BB43A900D1D4EF /* AutomationIntents.intentdefinition in Sources */ = {isa = PBXBuildFile; fileRef = 81FF8B4721B9F096009DC68F /* AutomationIntents.intentdefinition */; };
		81FF8B4821B9F096009DC68F /* AutomationIntents.intentdefinition in Sources */ = {isa = PBXBuildFile; fileRef = 81FF8B4721B9F096009DC68F /* AutomationIntents.intentdefinition */; settings = {ATTRIBUTES = (no_codegen, ); }; };
		81FF8B4921B9F096009DC68F /* AutomationIntents.intentdefinition in Sources */ = {isa = PBXBuildFile; fileRef = 81FF8B4721B9F096009DC68F /* AutomationIntents.intentdefinition */; settings = {ATTRIBUTES = (no_codegen, ); }; };
		81FF8B4D21BA0105009DC68F /* LightsIntentHandler.swift in Sources */ = {isa = PBXBuildFile; fileRef = 81FF8B4C21BA0105009DC68F /* LightsIntentHandler.swift */; };
		81FF8B5721BA033E009DC68F /* VanTomationCommons.h in Headers */ = {isa = PBXBuildFile; fileRef = 81FF8B5521BA033E009DC68F /* VanTomationCommons.h */; settings = {ATTRIBUTES = (Public, ); }; };
		81FF8B5A21BA033E009DC68F /* VanTomationCommons.framework in Frameworks */ = {isa = PBXBuildFile; fileRef = 81FF8B5321BA033E009DC68F /* VanTomationCommons.framework */; };
		81FF8B5B21BA033E009DC68F /* VanTomationCommons.framework in Embed Frameworks */ = {isa = PBXBuildFile; fileRef = 81FF8B5321BA033E009DC68F /* VanTomationCommons.framework */; settings = {ATTRIBUTES = (CodeSignOnCopy, RemoveHeadersOnCopy, ); }; };
		81FF8B6221BA037D009DC68F /* VanTomationCommons.framework in Frameworks */ = {isa = PBXBuildFile; fileRef = 81FF8B5321BA033E009DC68F /* VanTomationCommons.framework */; };
		81AC79DF21C22937001F1C36 /* WiFiViewController.swift in Sources */ = {isa = PBXBuildFile; fileRef = 81AC79DE21C22937001F1C36 /* WiFiViewController.swift */; };
		A6C8A7378DE3A1E0B9E107D1 /* Pods_VanTomation.framework in Frameworks */ = {isa = PBXBuildFile; fileRef = 224B247CA41DBCFEA61576AF /* Pods_VanTomation.framework */; };
		AF079BB29DC37BD37C0AD1EF /* Pods_VanTomationCommons.framework in Frameworks */ = {isa = PBXBuildFile; fileRef = 51C74603B8430F4CE17E180E /* Pods_VanTomationCommons.framework */; };
		B19F9D25BB5C133422BEE01D /* Pods_VanTomationUITests.framework in Frameworks */ = {isa = PBXBuildFile; fileRef = 7622A07071BC303034BCD6DE /* Pods_VanTomationUITests.framework */; };
		EC3D3EB62128BAFB00E2E7EE /* MainViewController.swift in Sources */ = {isa = PBXBuildFile; fileRef = EC3D3EB52128BAFB00E2E7EE /* MainViewController.swift */; };
		EC3D3EB8213104C300E2E7EE /* UIAlertControllerExtensions.swift in Sources */ = {isa = PBXBuildFile; fileRef = EC3D3EB7213104C300E2E7EE /* UIAlertControllerExtensions.swift */; };
		EC8F568720EB2E82005D6959 /* AppDelegate.swift in Sources */ = {isa = PBXBuildFile; fileRef = EC8F568620EB2E82005D6959 /* AppDelegate.swift */; };
		EC8F568920EB2E82005D6959 /* LightsViewController.swift in Sources */ = {isa = PBXBuildFile; fileRef = EC8F568820EB2E82005D6959 /* LightsViewController.swift */; };
		EC8F568C20EB2E82005D6959 /* Main.storyboard in Resources */ = {isa = PBXBuildFile; fileRef = EC8F568A20EB2E82005D6959 /* Main.storyboard */; };
		EC8F568E20EB2E84005D6959 /* Assets.xcassets in Resources */ = {isa = PBXBuildFile; fileRef = EC8F568D20EB2E84005D6959 /* Assets.xcassets */; };
		EC8F569120EB2E84005D6959 /* LaunchScreen.storyboard in Resources */ = {isa = PBXBuildFile; fileRef = EC8F568F20EB2E84005D6959 /* LaunchScreen.storyboard */; };
		EC8F569C20EB2E84005D6959 /* VanTomationTests.swift in Sources */ = {isa = PBXBuildFile; fileRef = EC8F569B20EB2E84005D6959 /* VanTomationTests.swift */; };
		EC8F56A720EB2E84005D6959 /* VanTomationUITests.swift in Sources */ = {isa = PBXBuildFile; fileRef = EC8F56A620EB2E84005D6959 /* VanTomationUITests.swift */; };
		EC8F56B520EB35B3005D6959 /* MasterManager.swift in Sources */ = {isa = PBXBuildFile; fileRef = EC8F56B420EB35B3005D6959 /* MasterManager.swift */; };
		ECADEAE420FAED5A00E42F17 /* ColorPickerLens.swift in Sources */ = {isa = PBXBuildFile; fileRef = ECADEAE320FAED5A00E42F17 /* ColorPickerLens.swift */; };
		ECADEAE620FAF75600E42F17 /* ColorPickerImageView.swift in Sources */ = {isa = PBXBuildFile; fileRef = ECADEAE520FAF75600E42F17 /* ColorPickerImageView.swift */; };
/* End PBXBuildFile section */

/* Begin PBXContainerItemProxy section */
		81CA7BBF21B9A45200344D45 /* PBXContainerItemProxy */ = {
			isa = PBXContainerItemProxy;
			containerPortal = EC8F567B20EB2E82005D6959 /* Project object */;
			proxyType = 1;
			remoteGlobalIDString = 81CA7BB921B9A45200344D45;
			remoteInfo = AutomationIntents;
		};
		81FF8B5821BA033E009DC68F /* PBXContainerItemProxy */ = {
			isa = PBXContainerItemProxy;
			containerPortal = EC8F567B20EB2E82005D6959 /* Project object */;
			proxyType = 1;
			remoteGlobalIDString = 81FF8B5221BA033E009DC68F;
			remoteInfo = VanTonationCommons;
		};
		81FF8B6021BA0352009DC68F /* PBXContainerItemProxy */ = {
			isa = PBXContainerItemProxy;
			containerPortal = EC8F567B20EB2E82005D6959 /* Project object */;
			proxyType = 1;
			remoteGlobalIDString = 81FF8B5221BA033E009DC68F;
			remoteInfo = VanTonationCommons;
		};
		EC8F569820EB2E84005D6959 /* PBXContainerItemProxy */ = {
			isa = PBXContainerItemProxy;
			containerPortal = EC8F567B20EB2E82005D6959 /* Project object */;
			proxyType = 1;
			remoteGlobalIDString = EC8F568220EB2E82005D6959;
			remoteInfo = VanTomation;
		};
		EC8F56A320EB2E84005D6959 /* PBXContainerItemProxy */ = {
			isa = PBXContainerItemProxy;
			containerPortal = EC8F567B20EB2E82005D6959 /* Project object */;
			proxyType = 1;
			remoteGlobalIDString = EC8F568220EB2E82005D6959;
			remoteInfo = VanTomation;
		};
/* End PBXContainerItemProxy section */

/* Begin PBXCopyFilesBuildPhase section */
		81CA7BC521B9A45200344D45 /* Embed App Extensions */ = {
			isa = PBXCopyFilesBuildPhase;
			buildActionMask = 2147483647;
			dstPath = "";
			dstSubfolderSpec = 13;
			files = (
				81CA7BC121B9A45200344D45 /* AutomationIntents.appex in Embed App Extensions */,
			);
			name = "Embed App Extensions";
			runOnlyForDeploymentPostprocessing = 0;
		};
		81FF8B5F21BA033E009DC68F /* Embed Frameworks */ = {
			isa = PBXCopyFilesBuildPhase;
			buildActionMask = 2147483647;
			dstPath = "";
			dstSubfolderSpec = 10;
			files = (
				81FF8B5B21BA033E009DC68F /* VanTomationCommons.framework in Embed Frameworks */,
			);
			name = "Embed Frameworks";
			runOnlyForDeploymentPostprocessing = 0;
		};
/* End PBXCopyFilesBuildPhase section */

/* Begin PBXFileReference section */
		103484006F8E181F5DEB5DEC /* Pods-VanTomationUITests.debug.xcconfig */ = {isa = PBXFileReference; includeInIndex = 1; lastKnownFileType = text.xcconfig; name = "Pods-VanTomationUITests.debug.xcconfig"; path = "Pods/Target Support Files/Pods-VanTomationUITests/Pods-VanTomationUITests.debug.xcconfig"; sourceTree = "<group>"; };
		1687BDEF7B2AA700588DC514 /* Pods-VanTomationCommons.debug.xcconfig */ = {isa = PBXFileReference; includeInIndex = 1; lastKnownFileType = text.xcconfig; name = "Pods-VanTomationCommons.debug.xcconfig"; path = "Pods/Target Support Files/Pods-VanTomationCommons/Pods-VanTomationCommons.debug.xcconfig"; sourceTree = "<group>"; };
		224B247CA41DBCFEA61576AF /* Pods_VanTomation.framework */ = {isa = PBXFileReference; explicitFileType = wrapper.framework; includeInIndex = 0; path = Pods_VanTomation.framework; sourceTree = BUILT_PRODUCTS_DIR; };
		368C196598E59C2C19274BCE /* Pods-VanTomation.release.xcconfig */ = {isa = PBXFileReference; includeInIndex = 1; lastKnownFileType = text.xcconfig; name = "Pods-VanTomation.release.xcconfig"; path = "Pods/Target Support Files/Pods-VanTomation/Pods-VanTomation.release.xcconfig"; sourceTree = "<group>"; };
		51C74603B8430F4CE17E180E /* Pods_VanTomationCommons.framework */ = {isa = PBXFileReference; explicitFileType = wrapper.framework; includeInIndex = 0; path = Pods_VanTomationCommons.framework; sourceTree = BUILT_PRODUCTS_DIR; };
		7622A07071BC303034BCD6DE /* Pods_VanTomationUITests.framework */ = {isa = PBXFileReference; explicitFileType = wrapper.framework; includeInIndex = 0; path = Pods_VanTomationUITests.framework; sourceTree = BUILT_PRODUCTS_DIR; };
		81CA7BBA21B9A45200344D45 /* AutomationIntents.appex */ = {isa = PBXFileReference; explicitFileType = "wrapper.app-extension"; includeInIndex = 0; path = AutomationIntents.appex; sourceTree = BUILT_PRODUCTS_DIR; };
		81CA7BBC21B9A45200344D45 /* IntentHandler.swift */ = {isa = PBXFileReference; lastKnownFileType = sourcecode.swift; path = IntentHandler.swift; sourceTree = "<group>"; };
		81CA7BBE21B9A45200344D45 /* Info.plist */ = {isa = PBXFileReference; lastKnownFileType = text.plist.xml; path = Info.plist; sourceTree = "<group>"; };
		81DEA22A21BB407700D1D4EF /* IntercomManager.swift */ = {isa = PBXFileReference; lastKnownFileType = sourcecode.swift; path = IntercomManager.swift; sourceTree = "<group>"; };
		81FF8B4721B9F096009DC68F /* AutomationIntents.intentdefinition */ = {isa = PBXFileReference; lastKnownFileType = file.intentdefinition; path = AutomationIntents.intentdefinition; sourceTree = "<group>"; };
		81FF8B4A21B9F342009DC68F /* VanTomation.entitlements */ = {isa = PBXFileReference; lastKnownFileType = text.plist.entitlements; path = VanTomation.entitlements; sourceTree = "<group>"; };
		81FF8B4B21B9F37C009DC68F /* AutomationIntents.entitlements */ = {isa = PBXFileReference; lastKnownFileType = text.plist.entitlements; path = AutomationIntents.entitlements; sourceTree = "<group>"; };
		81FF8B4C21BA0105009DC68F /* LightsIntentHandler.swift */ = {isa = PBXFileReference; lastKnownFileType = sourcecode.swift; path = LightsIntentHandler.swift; sourceTree = "<group>"; };
		81FF8B5321BA033E009DC68F /* VanTomationCommons.framework */ = {isa = PBXFileReference; explicitFileType = wrapper.framework; includeInIndex = 0; path = VanTomationCommons.framework; sourceTree = BUILT_PRODUCTS_DIR; };
		81FF8B5521BA033E009DC68F /* VanTomationCommons.h */ = {isa = PBXFileReference; lastKnownFileType = sourcecode.c.h; path = VanTomationCommons.h; sourceTree = "<group>"; };
		81FF8B5621BA033E009DC68F /* Info.plist */ = {isa = PBXFileReference; lastKnownFileType = text.plist.xml; path = Info.plist; sourceTree = "<group>"; };
		8BFC22E0E299E4253CE6A0E8 /* Pods-VanTomationCommons.release.xcconfig */ = {isa = PBXFileReference; includeInIndex = 1; lastKnownFileType = text.xcconfig; name = "Pods-VanTomationCommons.release.xcconfig"; path = "Pods/Target Support Files/Pods-VanTomationCommons/Pods-VanTomationCommons.release.xcconfig"; sourceTree = "<group>"; };
		81AC79DE21C22937001F1C36 /* WiFiViewController.swift */ = {isa = PBXFileReference; fileEncoding = 4; lastKnownFileType = sourcecode.swift; path = WiFiViewController.swift; sourceTree = "<group>"; };
		BA6C123B898D8A8469E88FAD /* Pods-VanTomationTests.debug.xcconfig */ = {isa = PBXFileReference; includeInIndex = 1; lastKnownFileType = text.xcconfig; name = "Pods-VanTomationTests.debug.xcconfig"; path = "Pods/Target Support Files/Pods-VanTomationTests/Pods-VanTomationTests.debug.xcconfig"; sourceTree = "<group>"; };
		BE7180F0C42A373ED079BB3B /* Pods-VanTomationTests.release.xcconfig */ = {isa = PBXFileReference; includeInIndex = 1; lastKnownFileType = text.xcconfig; name = "Pods-VanTomationTests.release.xcconfig"; path = "Pods/Target Support Files/Pods-VanTomationTests/Pods-VanTomationTests.release.xcconfig"; sourceTree = "<group>"; };
		C01FC24EC56D386209E14D14 /* Pods-VanTomation.debug.xcconfig */ = {isa = PBXFileReference; includeInIndex = 1; lastKnownFileType = text.xcconfig; name = "Pods-VanTomation.debug.xcconfig"; path = "Pods/Target Support Files/Pods-VanTomation/Pods-VanTomation.debug.xcconfig"; sourceTree = "<group>"; };
		DD5AB710BB35CE5026ED0398 /* Pods-VanTomationUITests.release.xcconfig */ = {isa = PBXFileReference; includeInIndex = 1; lastKnownFileType = text.xcconfig; name = "Pods-VanTomationUITests.release.xcconfig"; path = "Pods/Target Support Files/Pods-VanTomationUITests/Pods-VanTomationUITests.release.xcconfig"; sourceTree = "<group>"; };
		EC3D3EB52128BAFB00E2E7EE /* MainViewController.swift */ = {isa = PBXFileReference; lastKnownFileType = sourcecode.swift; path = MainViewController.swift; sourceTree = "<group>"; };
		EC3D3EB7213104C300E2E7EE /* UIAlertControllerExtensions.swift */ = {isa = PBXFileReference; fileEncoding = 4; lastKnownFileType = sourcecode.swift; path = UIAlertControllerExtensions.swift; sourceTree = "<group>"; };
		EC8F568320EB2E82005D6959 /* VanTomation.app */ = {isa = PBXFileReference; explicitFileType = wrapper.application; includeInIndex = 0; path = VanTomation.app; sourceTree = BUILT_PRODUCTS_DIR; };
		EC8F568620EB2E82005D6959 /* AppDelegate.swift */ = {isa = PBXFileReference; lastKnownFileType = sourcecode.swift; path = AppDelegate.swift; sourceTree = "<group>"; };
		EC8F568820EB2E82005D6959 /* LightsViewController.swift */ = {isa = PBXFileReference; lastKnownFileType = sourcecode.swift; path = LightsViewController.swift; sourceTree = "<group>"; };
		EC8F568B20EB2E82005D6959 /* Base */ = {isa = PBXFileReference; lastKnownFileType = file.storyboard; name = Base; path = Base.lproj/Main.storyboard; sourceTree = "<group>"; };
		EC8F568D20EB2E84005D6959 /* Assets.xcassets */ = {isa = PBXFileReference; lastKnownFileType = folder.assetcatalog; path = Assets.xcassets; sourceTree = "<group>"; };
		EC8F569020EB2E84005D6959 /* Base */ = {isa = PBXFileReference; lastKnownFileType = file.storyboard; name = Base; path = Base.lproj/LaunchScreen.storyboard; sourceTree = "<group>"; };
		EC8F569220EB2E84005D6959 /* Info.plist */ = {isa = PBXFileReference; lastKnownFileType = text.plist.xml; path = Info.plist; sourceTree = "<group>"; };
		EC8F569720EB2E84005D6959 /* VanTomationTests.xctest */ = {isa = PBXFileReference; explicitFileType = wrapper.cfbundle; includeInIndex = 0; path = VanTomationTests.xctest; sourceTree = BUILT_PRODUCTS_DIR; };
		EC8F569B20EB2E84005D6959 /* VanTomationTests.swift */ = {isa = PBXFileReference; lastKnownFileType = sourcecode.swift; path = VanTomationTests.swift; sourceTree = "<group>"; };
		EC8F569D20EB2E84005D6959 /* Info.plist */ = {isa = PBXFileReference; lastKnownFileType = text.plist.xml; path = Info.plist; sourceTree = "<group>"; };
		EC8F56A220EB2E84005D6959 /* VanTomationUITests.xctest */ = {isa = PBXFileReference; explicitFileType = wrapper.cfbundle; includeInIndex = 0; path = VanTomationUITests.xctest; sourceTree = BUILT_PRODUCTS_DIR; };
		EC8F56A620EB2E84005D6959 /* VanTomationUITests.swift */ = {isa = PBXFileReference; lastKnownFileType = sourcecode.swift; path = VanTomationUITests.swift; sourceTree = "<group>"; };
		EC8F56A820EB2E84005D6959 /* Info.plist */ = {isa = PBXFileReference; lastKnownFileType = text.plist.xml; path = Info.plist; sourceTree = "<group>"; };
		EC8F56B420EB35B3005D6959 /* MasterManager.swift */ = {isa = PBXFileReference; lastKnownFileType = sourcecode.swift; path = MasterManager.swift; sourceTree = "<group>"; };
		ECADEAE320FAED5A00E42F17 /* ColorPickerLens.swift */ = {isa = PBXFileReference; lastKnownFileType = sourcecode.swift; path = ColorPickerLens.swift; sourceTree = "<group>"; };
		ECADEAE520FAF75600E42F17 /* ColorPickerImageView.swift */ = {isa = PBXFileReference; lastKnownFileType = sourcecode.swift; path = ColorPickerImageView.swift; sourceTree = "<group>"; };
		FF0657AD084F29454B02218E /* Pods_VanTomationTests.framework */ = {isa = PBXFileReference; explicitFileType = wrapper.framework; includeInIndex = 0; path = Pods_VanTomationTests.framework; sourceTree = BUILT_PRODUCTS_DIR; };
/* End PBXFileReference section */

/* Begin PBXFrameworksBuildPhase section */
		81CA7BB721B9A45200344D45 /* Frameworks */ = {
			isa = PBXFrameworksBuildPhase;
			buildActionMask = 2147483647;
			files = (
				81FF8B6221BA037D009DC68F /* VanTomationCommons.framework in Frameworks */,
			);
			runOnlyForDeploymentPostprocessing = 0;
		};
		81FF8B5021BA033E009DC68F /* Frameworks */ = {
			isa = PBXFrameworksBuildPhase;
			buildActionMask = 2147483647;
			files = (
				AF079BB29DC37BD37C0AD1EF /* Pods_VanTomationCommons.framework in Frameworks */,
			);
			runOnlyForDeploymentPostprocessing = 0;
		};
		EC8F568020EB2E82005D6959 /* Frameworks */ = {
			isa = PBXFrameworksBuildPhase;
			buildActionMask = 2147483647;
			files = (
				A6C8A7378DE3A1E0B9E107D1 /* Pods_VanTomation.framework in Frameworks */,
				81FF8B5A21BA033E009DC68F /* VanTomationCommons.framework in Frameworks */,
			);
			runOnlyForDeploymentPostprocessing = 0;
		};
		EC8F569420EB2E84005D6959 /* Frameworks */ = {
			isa = PBXFrameworksBuildPhase;
			buildActionMask = 2147483647;
			files = (
				671680447B9AAF27D48CB121 /* Pods_VanTomationTests.framework in Frameworks */,
			);
			runOnlyForDeploymentPostprocessing = 0;
		};
		EC8F569F20EB2E84005D6959 /* Frameworks */ = {
			isa = PBXFrameworksBuildPhase;
			buildActionMask = 2147483647;
			files = (
				B19F9D25BB5C133422BEE01D /* Pods_VanTomationUITests.framework in Frameworks */,
			);
			runOnlyForDeploymentPostprocessing = 0;
		};
/* End PBXFrameworksBuildPhase section */

/* Begin PBXGroup section */
		0F694128A212E944581B44B4 /* Pods */ = {
			isa = PBXGroup;
			children = (
				C01FC24EC56D386209E14D14 /* Pods-VanTomation.debug.xcconfig */,
				368C196598E59C2C19274BCE /* Pods-VanTomation.release.xcconfig */,
				BA6C123B898D8A8469E88FAD /* Pods-VanTomationTests.debug.xcconfig */,
				BE7180F0C42A373ED079BB3B /* Pods-VanTomationTests.release.xcconfig */,
				103484006F8E181F5DEB5DEC /* Pods-VanTomationUITests.debug.xcconfig */,
				DD5AB710BB35CE5026ED0398 /* Pods-VanTomationUITests.release.xcconfig */,
				1687BDEF7B2AA700588DC514 /* Pods-VanTomationCommons.debug.xcconfig */,
				8BFC22E0E299E4253CE6A0E8 /* Pods-VanTomationCommons.release.xcconfig */,
			);
			name = Pods;
			sourceTree = "<group>";
		};
		6B2A425F4B309A9BDDE5C60C /* Frameworks */ = {
			isa = PBXGroup;
			children = (
				224B247CA41DBCFEA61576AF /* Pods_VanTomation.framework */,
				FF0657AD084F29454B02218E /* Pods_VanTomationTests.framework */,
				7622A07071BC303034BCD6DE /* Pods_VanTomationUITests.framework */,
				51C74603B8430F4CE17E180E /* Pods_VanTomationCommons.framework */,
			);
			name = Frameworks;
			sourceTree = "<group>";
		};
		81CA7BBB21B9A45200344D45 /* AutomationIntents */ = {
			isa = PBXGroup;
			children = (
				81FF8B4B21B9F37C009DC68F /* AutomationIntents.entitlements */,
				81CA7BBC21B9A45200344D45 /* IntentHandler.swift */,
				81FF8B4C21BA0105009DC68F /* LightsIntentHandler.swift */,
				81CA7BBE21B9A45200344D45 /* Info.plist */,
			);
			path = AutomationIntents;
			sourceTree = "<group>";
		};
		81FF8B5421BA033E009DC68F /* VanTomationCommons */ = {
			isa = PBXGroup;
			children = (
				81FF8B5521BA033E009DC68F /* VanTomationCommons.h */,
				81FF8B5621BA033E009DC68F /* Info.plist */,
				81DEA22A21BB407700D1D4EF /* IntercomManager.swift */,
			);
			path = VanTomationCommons;
			sourceTree = "<group>";
		};
		EC8F567A20EB2E82005D6959 = {
			isa = PBXGroup;
			children = (
				EC8F568520EB2E82005D6959 /* VanTomation */,
				EC8F569A20EB2E84005D6959 /* VanTomationTests */,
				EC8F56A520EB2E84005D6959 /* VanTomationUITests */,
				81CA7BBB21B9A45200344D45 /* AutomationIntents */,
				81FF8B5421BA033E009DC68F /* VanTomationCommons */,
				EC8F568420EB2E82005D6959 /* Products */,
				0F694128A212E944581B44B4 /* Pods */,
				6B2A425F4B309A9BDDE5C60C /* Frameworks */,
			);
			sourceTree = "<group>";
		};
		EC8F568420EB2E82005D6959 /* Products */ = {
			isa = PBXGroup;
			children = (
				EC8F568320EB2E82005D6959 /* VanTomation.app */,
				EC8F569720EB2E84005D6959 /* VanTomationTests.xctest */,
				EC8F56A220EB2E84005D6959 /* VanTomationUITests.xctest */,
				81CA7BBA21B9A45200344D45 /* AutomationIntents.appex */,
				81FF8B5321BA033E009DC68F /* VanTomationCommons.framework */,
			);
			name = Products;
			sourceTree = "<group>";
		};
		EC8F568520EB2E82005D6959 /* VanTomation */ = {
			isa = PBXGroup;
			children = (
				81FF8B4A21B9F342009DC68F /* VanTomation.entitlements */,
				EC8F568620EB2E82005D6959 /* AppDelegate.swift */,
				EC8F56B420EB35B3005D6959 /* MasterManager.swift */,
				EC3D3EB52128BAFB00E2E7EE /* MainViewController.swift */,
				81AC79DE21C22937001F1C36 /* WiFiViewController.swift */,
				EC8F568820EB2E82005D6959 /* LightsViewController.swift */,
				EC8F568A20EB2E82005D6959 /* Main.storyboard */,
				EC8F568D20EB2E84005D6959 /* Assets.xcassets */,
				EC8F568F20EB2E84005D6959 /* LaunchScreen.storyboard */,
				EC8F569220EB2E84005D6959 /* Info.plist */,
				ECADEAE320FAED5A00E42F17 /* ColorPickerLens.swift */,
				ECADEAE520FAF75600E42F17 /* ColorPickerImageView.swift */,
				EC3D3EB7213104C300E2E7EE /* UIAlertControllerExtensions.swift */,
				81FF8B4721B9F096009DC68F /* AutomationIntents.intentdefinition */,
			);
			path = VanTomation;
			sourceTree = "<group>";
		};
		EC8F569A20EB2E84005D6959 /* VanTomationTests */ = {
			isa = PBXGroup;
			children = (
				EC8F569B20EB2E84005D6959 /* VanTomationTests.swift */,
				EC8F569D20EB2E84005D6959 /* Info.plist */,
			);
			path = VanTomationTests;
			sourceTree = "<group>";
		};
		EC8F56A520EB2E84005D6959 /* VanTomationUITests */ = {
			isa = PBXGroup;
			children = (
				EC8F56A620EB2E84005D6959 /* VanTomationUITests.swift */,
				EC8F56A820EB2E84005D6959 /* Info.plist */,
			);
			path = VanTomationUITests;
			sourceTree = "<group>";
		};
/* End PBXGroup section */

/* Begin PBXHeadersBuildPhase section */
		81FF8B4E21BA033E009DC68F /* Headers */ = {
			isa = PBXHeadersBuildPhase;
			buildActionMask = 2147483647;
			files = (
				81FF8B5721BA033E009DC68F /* VanTomationCommons.h in Headers */,
			);
			runOnlyForDeploymentPostprocessing = 0;
		};
/* End PBXHeadersBuildPhase section */

/* Begin PBXNativeTarget section */
		81CA7BB921B9A45200344D45 /* AutomationIntents */ = {
			isa = PBXNativeTarget;
			buildConfigurationList = 81CA7BC421B9A45200344D45 /* Build configuration list for PBXNativeTarget "AutomationIntents" */;
			buildPhases = (
				81CA7BB621B9A45200344D45 /* Sources */,
				81CA7BB721B9A45200344D45 /* Frameworks */,
				81CA7BB821B9A45200344D45 /* Resources */,
			);
			buildRules = (
			);
			dependencies = (
				81FF8B6121BA0352009DC68F /* PBXTargetDependency */,
			);
			name = AutomationIntents;
			productName = AutomationIntents;
			productReference = 81CA7BBA21B9A45200344D45 /* AutomationIntents.appex */;
			productType = "com.apple.product-type.app-extension";
		};
		81FF8B5221BA033E009DC68F /* VanTomationCommons */ = {
			isa = PBXNativeTarget;
			buildConfigurationList = 81FF8B5C21BA033E009DC68F /* Build configuration list for PBXNativeTarget "VanTomationCommons" */;
			buildPhases = (
				99A763A0A995AB4A332C4368 /* [CP] Check Pods Manifest.lock */,
				81FF8B4E21BA033E009DC68F /* Headers */,
				81FF8B4F21BA033E009DC68F /* Sources */,
				81FF8B5021BA033E009DC68F /* Frameworks */,
				81FF8B5121BA033E009DC68F /* Resources */,
			);
			buildRules = (
			);
			dependencies = (
			);
			name = VanTomationCommons;
			productName = VanTonationCommons;
			productReference = 81FF8B5321BA033E009DC68F /* VanTomationCommons.framework */;
			productType = "com.apple.product-type.framework";
		};
		EC8F568220EB2E82005D6959 /* VanTomation */ = {
			isa = PBXNativeTarget;
			buildConfigurationList = EC8F56AB20EB2E84005D6959 /* Build configuration list for PBXNativeTarget "VanTomation" */;
			buildPhases = (
				C08D3506DC96CFB3F1FC67A2 /* [CP] Check Pods Manifest.lock */,
				EC8F567F20EB2E82005D6959 /* Sources */,
				EC8F568020EB2E82005D6959 /* Frameworks */,
				EC8F568120EB2E82005D6959 /* Resources */,
				DC1F7BA65D1F2A3BCEF977A5 /* [CP] Embed Pods Frameworks */,
				81CA7BC521B9A45200344D45 /* Embed App Extensions */,
				81FF8B5F21BA033E009DC68F /* Embed Frameworks */,
			);
			buildRules = (
			);
			dependencies = (
				81CA7BC021B9A45200344D45 /* PBXTargetDependency */,
				81FF8B5921BA033E009DC68F /* PBXTargetDependency */,
			);
			name = VanTomation;
			productName = VanTomation;
			productReference = EC8F568320EB2E82005D6959 /* VanTomation.app */;
			productType = "com.apple.product-type.application";
		};
		EC8F569620EB2E84005D6959 /* VanTomationTests */ = {
			isa = PBXNativeTarget;
			buildConfigurationList = EC8F56AE20EB2E84005D6959 /* Build configuration list for PBXNativeTarget "VanTomationTests" */;
			buildPhases = (
				34A423966D95F9CC16AE191C /* [CP] Check Pods Manifest.lock */,
				EC8F569320EB2E84005D6959 /* Sources */,
				EC8F569420EB2E84005D6959 /* Frameworks */,
				EC8F569520EB2E84005D6959 /* Resources */,
			);
			buildRules = (
			);
			dependencies = (
				EC8F569920EB2E84005D6959 /* PBXTargetDependency */,
			);
			name = VanTomationTests;
			productName = VanTomationTests;
			productReference = EC8F569720EB2E84005D6959 /* VanTomationTests.xctest */;
			productType = "com.apple.product-type.bundle.unit-test";
		};
		EC8F56A120EB2E84005D6959 /* VanTomationUITests */ = {
			isa = PBXNativeTarget;
			buildConfigurationList = EC8F56B120EB2E84005D6959 /* Build configuration list for PBXNativeTarget "VanTomationUITests" */;
			buildPhases = (
				D9A71AC641235BB0C2201202 /* [CP] Check Pods Manifest.lock */,
				EC8F569E20EB2E84005D6959 /* Sources */,
				EC8F569F20EB2E84005D6959 /* Frameworks */,
				EC8F56A020EB2E84005D6959 /* Resources */,
			);
			buildRules = (
			);
			dependencies = (
				EC8F56A420EB2E84005D6959 /* PBXTargetDependency */,
			);
			name = VanTomationUITests;
			productName = VanTomationUITests;
			productReference = EC8F56A220EB2E84005D6959 /* VanTomationUITests.xctest */;
			productType = "com.apple.product-type.bundle.ui-testing";
		};
/* End PBXNativeTarget section */

/* Begin PBXProject section */
		EC8F567B20EB2E82005D6959 /* Project object */ = {
			isa = PBXProject;
			attributes = {
				LastSwiftUpdateCheck = 1010;
				LastUpgradeCheck = 0940;
				ORGANIZATIONNAME = "Gustavo Ambrozio";
				TargetAttributes = {
					81CA7BB921B9A45200344D45 = {
						CreatedOnToolsVersion = 10.1;
						SystemCapabilities = {
							com.apple.ApplicationGroups.iOS = {
								enabled = 1;
							};
						};
					};
					81FF8B5221BA033E009DC68F = {
						CreatedOnToolsVersion = 10.1;
						LastSwiftMigration = 1010;
					};
					EC8F568220EB2E82005D6959 = {
						CreatedOnToolsVersion = 9.4.1;
						LastSwiftMigration = 1010;
						SystemCapabilities = {
							com.apple.ApplicationGroups.iOS = {
								enabled = 1;
							};
							com.apple.BackgroundModes = {
								enabled = 1;
							};
							com.apple.Siri = {
								enabled = 1;
							};
						};
					};
					EC8F569620EB2E84005D6959 = {
						CreatedOnToolsVersion = 9.4.1;
						LastSwiftMigration = 1010;
						TestTargetID = EC8F568220EB2E82005D6959;
					};
					EC8F56A120EB2E84005D6959 = {
						CreatedOnToolsVersion = 9.4.1;
						LastSwiftMigration = 1010;
						TestTargetID = EC8F568220EB2E82005D6959;
					};
				};
			};
			buildConfigurationList = EC8F567E20EB2E82005D6959 /* Build configuration list for PBXProject "VanTomation" */;
			compatibilityVersion = "Xcode 9.3";
			developmentRegion = en;
			hasScannedForEncodings = 0;
			knownRegions = (
				en,
				Base,
			);
			mainGroup = EC8F567A20EB2E82005D6959;
			productRefGroup = EC8F568420EB2E82005D6959 /* Products */;
			projectDirPath = "";
			projectRoot = "";
			targets = (
				EC8F568220EB2E82005D6959 /* VanTomation */,
				EC8F569620EB2E84005D6959 /* VanTomationTests */,
				EC8F56A120EB2E84005D6959 /* VanTomationUITests */,
				81CA7BB921B9A45200344D45 /* AutomationIntents */,
				81FF8B5221BA033E009DC68F /* VanTomationCommons */,
			);
		};
/* End PBXProject section */

/* Begin PBXResourcesBuildPhase section */
		81CA7BB821B9A45200344D45 /* Resources */ = {
			isa = PBXResourcesBuildPhase;
			buildActionMask = 2147483647;
			files = (
			);
			runOnlyForDeploymentPostprocessing = 0;
		};
		81FF8B5121BA033E009DC68F /* Resources */ = {
			isa = PBXResourcesBuildPhase;
			buildActionMask = 2147483647;
			files = (
			);
			runOnlyForDeploymentPostprocessing = 0;
		};
		EC8F568120EB2E82005D6959 /* Resources */ = {
			isa = PBXResourcesBuildPhase;
			buildActionMask = 2147483647;
			files = (
				EC8F569120EB2E84005D6959 /* LaunchScreen.storyboard in Resources */,
				EC8F568E20EB2E84005D6959 /* Assets.xcassets in Resources */,
				EC8F568C20EB2E82005D6959 /* Main.storyboard in Resources */,
			);
			runOnlyForDeploymentPostprocessing = 0;
		};
		EC8F569520EB2E84005D6959 /* Resources */ = {
			isa = PBXResourcesBuildPhase;
			buildActionMask = 2147483647;
			files = (
			);
			runOnlyForDeploymentPostprocessing = 0;
		};
		EC8F56A020EB2E84005D6959 /* Resources */ = {
			isa = PBXResourcesBuildPhase;
			buildActionMask = 2147483647;
			files = (
			);
			runOnlyForDeploymentPostprocessing = 0;
		};
/* End PBXResourcesBuildPhase section */

/* Begin PBXShellScriptBuildPhase section */
		34A423966D95F9CC16AE191C /* [CP] Check Pods Manifest.lock */ = {
			isa = PBXShellScriptBuildPhase;
			buildActionMask = 2147483647;
			files = (
			);
			inputPaths = (
				"${PODS_PODFILE_DIR_PATH}/Podfile.lock",
				"${PODS_ROOT}/Manifest.lock",
			);
			name = "[CP] Check Pods Manifest.lock";
			outputPaths = (
				"$(DERIVED_FILE_DIR)/Pods-VanTomationTests-checkManifestLockResult.txt",
			);
			runOnlyForDeploymentPostprocessing = 0;
			shellPath = /bin/sh;
			shellScript = "diff \"${PODS_PODFILE_DIR_PATH}/Podfile.lock\" \"${PODS_ROOT}/Manifest.lock\" > /dev/null\nif [ $? != 0 ] ; then\n    # print error to STDERR\n    echo \"error: The sandbox is not in sync with the Podfile.lock. Run 'pod install' or update your CocoaPods installation.\" >&2\n    exit 1\nfi\n# This output is used by Xcode 'outputs' to avoid re-running this script phase.\necho \"SUCCESS\" > \"${SCRIPT_OUTPUT_FILE_0}\"\n";
			showEnvVarsInLog = 0;
		};
		99A763A0A995AB4A332C4368 /* [CP] Check Pods Manifest.lock */ = {
			isa = PBXShellScriptBuildPhase;
			buildActionMask = 2147483647;
			files = (
			);
			inputFileListPaths = (
			);
			inputPaths = (
				"${PODS_PODFILE_DIR_PATH}/Podfile.lock",
				"${PODS_ROOT}/Manifest.lock",
			);
			name = "[CP] Check Pods Manifest.lock";
			outputFileListPaths = (
			);
			outputPaths = (
				"$(DERIVED_FILE_DIR)/Pods-VanTomationCommons-checkManifestLockResult.txt",
			);
			runOnlyForDeploymentPostprocessing = 0;
			shellPath = /bin/sh;
			shellScript = "diff \"${PODS_PODFILE_DIR_PATH}/Podfile.lock\" \"${PODS_ROOT}/Manifest.lock\" > /dev/null\nif [ $? != 0 ] ; then\n    # print error to STDERR\n    echo \"error: The sandbox is not in sync with the Podfile.lock. Run 'pod install' or update your CocoaPods installation.\" >&2\n    exit 1\nfi\n# This output is used by Xcode 'outputs' to avoid re-running this script phase.\necho \"SUCCESS\" > \"${SCRIPT_OUTPUT_FILE_0}\"\n";
			showEnvVarsInLog = 0;
		};
		C08D3506DC96CFB3F1FC67A2 /* [CP] Check Pods Manifest.lock */ = {
			isa = PBXShellScriptBuildPhase;
			buildActionMask = 2147483647;
			files = (
			);
			inputPaths = (
				"${PODS_PODFILE_DIR_PATH}/Podfile.lock",
				"${PODS_ROOT}/Manifest.lock",
			);
			name = "[CP] Check Pods Manifest.lock";
			outputPaths = (
				"$(DERIVED_FILE_DIR)/Pods-VanTomation-checkManifestLockResult.txt",
			);
			runOnlyForDeploymentPostprocessing = 0;
			shellPath = /bin/sh;
			shellScript = "diff \"${PODS_PODFILE_DIR_PATH}/Podfile.lock\" \"${PODS_ROOT}/Manifest.lock\" > /dev/null\nif [ $? != 0 ] ; then\n    # print error to STDERR\n    echo \"error: The sandbox is not in sync with the Podfile.lock. Run 'pod install' or update your CocoaPods installation.\" >&2\n    exit 1\nfi\n# This output is used by Xcode 'outputs' to avoid re-running this script phase.\necho \"SUCCESS\" > \"${SCRIPT_OUTPUT_FILE_0}\"\n";
			showEnvVarsInLog = 0;
		};
		D9A71AC641235BB0C2201202 /* [CP] Check Pods Manifest.lock */ = {
			isa = PBXShellScriptBuildPhase;
			buildActionMask = 2147483647;
			files = (
			);
			inputPaths = (
				"${PODS_PODFILE_DIR_PATH}/Podfile.lock",
				"${PODS_ROOT}/Manifest.lock",
			);
			name = "[CP] Check Pods Manifest.lock";
			outputPaths = (
				"$(DERIVED_FILE_DIR)/Pods-VanTomationUITests-checkManifestLockResult.txt",
			);
			runOnlyForDeploymentPostprocessing = 0;
			shellPath = /bin/sh;
			shellScript = "diff \"${PODS_PODFILE_DIR_PATH}/Podfile.lock\" \"${PODS_ROOT}/Manifest.lock\" > /dev/null\nif [ $? != 0 ] ; then\n    # print error to STDERR\n    echo \"error: The sandbox is not in sync with the Podfile.lock. Run 'pod install' or update your CocoaPods installation.\" >&2\n    exit 1\nfi\n# This output is used by Xcode 'outputs' to avoid re-running this script phase.\necho \"SUCCESS\" > \"${SCRIPT_OUTPUT_FILE_0}\"\n";
			showEnvVarsInLog = 0;
		};
		DC1F7BA65D1F2A3BCEF977A5 /* [CP] Embed Pods Frameworks */ = {
			isa = PBXShellScriptBuildPhase;
			buildActionMask = 2147483647;
			files = (
			);
			inputPaths = (
				"${SRCROOT}/Pods/Target Support Files/Pods-VanTomation/Pods-VanTomation-frameworks.sh",
				"${BUILT_PRODUCTS_DIR}/RxBluetoothKit/RxBluetoothKit.framework",
				"${BUILT_PRODUCTS_DIR}/RxSwift/RxSwift.framework",
				"${BUILT_PRODUCTS_DIR}/fluid-slider/fluid_slider.framework",
				"${BUILT_PRODUCTS_DIR}/pop/pop.framework",
				"${BUILT_PRODUCTS_DIR}/MMWormhole/MMWormhole.framework",
			);
			name = "[CP] Embed Pods Frameworks";
			outputPaths = (
				"${TARGET_BUILD_DIR}/${FRAMEWORKS_FOLDER_PATH}/RxBluetoothKit.framework",
				"${TARGET_BUILD_DIR}/${FRAMEWORKS_FOLDER_PATH}/RxSwift.framework",
				"${TARGET_BUILD_DIR}/${FRAMEWORKS_FOLDER_PATH}/fluid_slider.framework",
				"${TARGET_BUILD_DIR}/${FRAMEWORKS_FOLDER_PATH}/pop.framework",
				"${TARGET_BUILD_DIR}/${FRAMEWORKS_FOLDER_PATH}/MMWormhole.framework",
			);
			runOnlyForDeploymentPostprocessing = 0;
			shellPath = /bin/sh;
			shellScript = "\"${SRCROOT}/Pods/Target Support Files/Pods-VanTomation/Pods-VanTomation-frameworks.sh\"\n";
			showEnvVarsInLog = 0;
		};
/* End PBXShellScriptBuildPhase section */

/* Begin PBXSourcesBuildPhase section */
		81CA7BB621B9A45200344D45 /* Sources */ = {
			isa = PBXSourcesBuildPhase;
			buildActionMask = 2147483647;
			files = (
				81FF8B4D21BA0105009DC68F /* LightsIntentHandler.swift in Sources */,
				81CA7BBD21B9A45200344D45 /* IntentHandler.swift in Sources */,
				81FF8B4921B9F096009DC68F /* AutomationIntents.intentdefinition in Sources */,
			);
			runOnlyForDeploymentPostprocessing = 0;
		};
		81FF8B4F21BA033E009DC68F /* Sources */ = {
			isa = PBXSourcesBuildPhase;
			buildActionMask = 2147483647;
			files = (
				81DEA22B21BB407700D1D4EF /* IntercomManager.swift in Sources */,
				81DEA22C21BB43A900D1D4EF /* AutomationIntents.intentdefinition in Sources */,
			);
			runOnlyForDeploymentPostprocessing = 0;
		};
		EC8F567F20EB2E82005D6959 /* Sources */ = {
			isa = PBXSourcesBuildPhase;
			buildActionMask = 2147483647;
			files = (
				EC8F568920EB2E82005D6959 /* LightsViewController.swift in Sources */,
				81AC79DF21C22937001F1C36 /* WiFiViewController.swift in Sources */,
				EC8F568720EB2E82005D6959 /* AppDelegate.swift in Sources */,
				EC3D3EB8213104C300E2E7EE /* UIAlertControllerExtensions.swift in Sources */,
				EC8F56B520EB35B3005D6959 /* MasterManager.swift in Sources */,
				EC3D3EB62128BAFB00E2E7EE /* MainViewController.swift in Sources */,
				81FF8B4821B9F096009DC68F /* AutomationIntents.intentdefinition in Sources */,
				ECADEAE620FAF75600E42F17 /* ColorPickerImageView.swift in Sources */,
				ECADEAE420FAED5A00E42F17 /* ColorPickerLens.swift in Sources */,
			);
			runOnlyForDeploymentPostprocessing = 0;
		};
		EC8F569320EB2E84005D6959 /* Sources */ = {
			isa = PBXSourcesBuildPhase;
			buildActionMask = 2147483647;
			files = (
				EC8F569C20EB2E84005D6959 /* VanTomationTests.swift in Sources */,
			);
			runOnlyForDeploymentPostprocessing = 0;
		};
		EC8F569E20EB2E84005D6959 /* Sources */ = {
			isa = PBXSourcesBuildPhase;
			buildActionMask = 2147483647;
			files = (
				EC8F56A720EB2E84005D6959 /* VanTomationUITests.swift in Sources */,
			);
			runOnlyForDeploymentPostprocessing = 0;
		};
/* End PBXSourcesBuildPhase section */

/* Begin PBXTargetDependency section */
		81CA7BC021B9A45200344D45 /* PBXTargetDependency */ = {
			isa = PBXTargetDependency;
			target = 81CA7BB921B9A45200344D45 /* AutomationIntents */;
			targetProxy = 81CA7BBF21B9A45200344D45 /* PBXContainerItemProxy */;
		};
		81FF8B5921BA033E009DC68F /* PBXTargetDependency */ = {
			isa = PBXTargetDependency;
			target = 81FF8B5221BA033E009DC68F /* VanTomationCommons */;
			targetProxy = 81FF8B5821BA033E009DC68F /* PBXContainerItemProxy */;
		};
		81FF8B6121BA0352009DC68F /* PBXTargetDependency */ = {
			isa = PBXTargetDependency;
			target = 81FF8B5221BA033E009DC68F /* VanTomationCommons */;
			targetProxy = 81FF8B6021BA0352009DC68F /* PBXContainerItemProxy */;
		};
		EC8F569920EB2E84005D6959 /* PBXTargetDependency */ = {
			isa = PBXTargetDependency;
			target = EC8F568220EB2E82005D6959 /* VanTomation */;
			targetProxy = EC8F569820EB2E84005D6959 /* PBXContainerItemProxy */;
		};
		EC8F56A420EB2E84005D6959 /* PBXTargetDependency */ = {
			isa = PBXTargetDependency;
			target = EC8F568220EB2E82005D6959 /* VanTomation */;
			targetProxy = EC8F56A320EB2E84005D6959 /* PBXContainerItemProxy */;
		};
/* End PBXTargetDependency section */

/* Begin PBXVariantGroup section */
		EC8F568A20EB2E82005D6959 /* Main.storyboard */ = {
			isa = PBXVariantGroup;
			children = (
				EC8F568B20EB2E82005D6959 /* Base */,
			);
			name = Main.storyboard;
			sourceTree = "<group>";
		};
		EC8F568F20EB2E84005D6959 /* LaunchScreen.storyboard */ = {
			isa = PBXVariantGroup;
			children = (
				EC8F569020EB2E84005D6959 /* Base */,
			);
			name = LaunchScreen.storyboard;
			sourceTree = "<group>";
		};
/* End PBXVariantGroup section */

/* Begin XCBuildConfiguration section */
		81CA7BC221B9A45200344D45 /* Debug */ = {
			isa = XCBuildConfiguration;
			buildSettings = {
				CODE_SIGN_ENTITLEMENTS = AutomationIntents/AutomationIntents.entitlements;
				CODE_SIGN_STYLE = Automatic;
				DEVELOPMENT_TEAM = XG2WG7U93U;
				INFOPLIST_FILE = AutomationIntents/Info.plist;
				IPHONEOS_DEPLOYMENT_TARGET = 12.0;
				LD_RUNPATH_SEARCH_PATHS = (
					"$(inherited)",
					"@executable_path/Frameworks",
					"@executable_path/../../Frameworks",
				);
				MTL_ENABLE_DEBUG_INFO = INCLUDE_SOURCE;
				MTL_FAST_MATH = YES;
				PRODUCT_BUNDLE_IDENTIFIER = br.eng.gustavo.VanTomation.AutomationIntents;
				PRODUCT_NAME = "$(TARGET_NAME)";
				SKIP_INSTALL = YES;
				SWIFT_VERSION = 4.2;
				TARGETED_DEVICE_FAMILY = "1,2";
			};
			name = Debug;
		};
		81CA7BC321B9A45200344D45 /* Release */ = {
			isa = XCBuildConfiguration;
			buildSettings = {
				CODE_SIGN_ENTITLEMENTS = AutomationIntents/AutomationIntents.entitlements;
				CODE_SIGN_STYLE = Automatic;
				DEVELOPMENT_TEAM = XG2WG7U93U;
				INFOPLIST_FILE = AutomationIntents/Info.plist;
				IPHONEOS_DEPLOYMENT_TARGET = 12.0;
				LD_RUNPATH_SEARCH_PATHS = (
					"$(inherited)",
					"@executable_path/Frameworks",
					"@executable_path/../../Frameworks",
				);
				MTL_FAST_MATH = YES;
				PRODUCT_BUNDLE_IDENTIFIER = br.eng.gustavo.VanTomation.AutomationIntents;
				PRODUCT_NAME = "$(TARGET_NAME)";
				SKIP_INSTALL = YES;
				SWIFT_VERSION = 4.2;
				TARGETED_DEVICE_FAMILY = "1,2";
			};
			name = Release;
		};
		81FF8B5D21BA033E009DC68F /* Debug */ = {
			isa = XCBuildConfiguration;
			baseConfigurationReference = 1687BDEF7B2AA700588DC514 /* Pods-VanTomationCommons.debug.xcconfig */;
			buildSettings = {
				CLANG_ENABLE_MODULES = YES;
				CODE_SIGN_IDENTITY = "";
				CODE_SIGN_STYLE = Automatic;
				CURRENT_PROJECT_VERSION = 1;
				DEFINES_MODULE = YES;
				DEVELOPMENT_TEAM = XG2WG7U93U;
				DYLIB_COMPATIBILITY_VERSION = 1;
				DYLIB_CURRENT_VERSION = 1;
				DYLIB_INSTALL_NAME_BASE = "@rpath";
				INFOPLIST_FILE = "$(SRCROOT)/VanTomationCommons/Info.plist";
				INSTALL_PATH = "$(LOCAL_LIBRARY_DIR)/Frameworks";
				IPHONEOS_DEPLOYMENT_TARGET = 12.0;
				LD_RUNPATH_SEARCH_PATHS = (
					"$(inherited)",
					"@executable_path/Frameworks",
					"@loader_path/Frameworks",
				);
				MTL_ENABLE_DEBUG_INFO = INCLUDE_SOURCE;
				MTL_FAST_MATH = YES;
				PRODUCT_BUNDLE_IDENTIFIER = br.eng.gustavo.VanTomationCommons;
				PRODUCT_NAME = "$(TARGET_NAME:c99extidentifier)";
				SKIP_INSTALL = YES;
				SWIFT_OPTIMIZATION_LEVEL = "-Onone";
				SWIFT_VERSION = 4.2;
				TARGETED_DEVICE_FAMILY = "1,2";
				VERSIONING_SYSTEM = "apple-generic";
				VERSION_INFO_PREFIX = "";
			};
			name = Debug;
		};
		81FF8B5E21BA033E009DC68F /* Release */ = {
			isa = XCBuildConfiguration;
			baseConfigurationReference = 8BFC22E0E299E4253CE6A0E8 /* Pods-VanTomationCommons.release.xcconfig */;
			buildSettings = {
				CLANG_ENABLE_MODULES = YES;
				CODE_SIGN_IDENTITY = "";
				CODE_SIGN_STYLE = Automatic;
				CURRENT_PROJECT_VERSION = 1;
				DEFINES_MODULE = YES;
				DEVELOPMENT_TEAM = XG2WG7U93U;
				DYLIB_COMPATIBILITY_VERSION = 1;
				DYLIB_CURRENT_VERSION = 1;
				DYLIB_INSTALL_NAME_BASE = "@rpath";
				INFOPLIST_FILE = "$(SRCROOT)/VanTomationCommons/Info.plist";
				INSTALL_PATH = "$(LOCAL_LIBRARY_DIR)/Frameworks";
				IPHONEOS_DEPLOYMENT_TARGET = 12.0;
				LD_RUNPATH_SEARCH_PATHS = (
					"$(inherited)",
					"@executable_path/Frameworks",
					"@loader_path/Frameworks",
				);
				MTL_FAST_MATH = YES;
				PRODUCT_BUNDLE_IDENTIFIER = br.eng.gustavo.VanTomationCommons;
				PRODUCT_NAME = "$(TARGET_NAME:c99extidentifier)";
				SKIP_INSTALL = YES;
				SWIFT_VERSION = 4.2;
				TARGETED_DEVICE_FAMILY = "1,2";
				VERSIONING_SYSTEM = "apple-generic";
				VERSION_INFO_PREFIX = "";
			};
			name = Release;
		};
		EC8F56A920EB2E84005D6959 /* Debug */ = {
			isa = XCBuildConfiguration;
			buildSettings = {
				ALWAYS_SEARCH_USER_PATHS = NO;
				CLANG_ANALYZER_NONNULL = YES;
				CLANG_ANALYZER_NUMBER_OBJECT_CONVERSION = YES_AGGRESSIVE;
				CLANG_CXX_LANGUAGE_STANDARD = "gnu++14";
				CLANG_CXX_LIBRARY = "libc++";
				CLANG_ENABLE_MODULES = YES;
				CLANG_ENABLE_OBJC_ARC = YES;
				CLANG_ENABLE_OBJC_WEAK = YES;
				CLANG_WARN_BLOCK_CAPTURE_AUTORELEASING = YES;
				CLANG_WARN_BOOL_CONVERSION = YES;
				CLANG_WARN_COMMA = YES;
				CLANG_WARN_CONSTANT_CONVERSION = YES;
				CLANG_WARN_DEPRECATED_OBJC_IMPLEMENTATIONS = YES;
				CLANG_WARN_DIRECT_OBJC_ISA_USAGE = YES_ERROR;
				CLANG_WARN_DOCUMENTATION_COMMENTS = YES;
				CLANG_WARN_EMPTY_BODY = YES;
				CLANG_WARN_ENUM_CONVERSION = YES;
				CLANG_WARN_INFINITE_RECURSION = YES;
				CLANG_WARN_INT_CONVERSION = YES;
				CLANG_WARN_NON_LITERAL_NULL_CONVERSION = YES;
				CLANG_WARN_OBJC_IMPLICIT_RETAIN_SELF = YES;
				CLANG_WARN_OBJC_LITERAL_CONVERSION = YES;
				CLANG_WARN_OBJC_ROOT_CLASS = YES_ERROR;
				CLANG_WARN_RANGE_LOOP_ANALYSIS = YES;
				CLANG_WARN_STRICT_PROTOTYPES = YES;
				CLANG_WARN_SUSPICIOUS_MOVE = YES;
				CLANG_WARN_UNGUARDED_AVAILABILITY = YES_AGGRESSIVE;
				CLANG_WARN_UNREACHABLE_CODE = YES;
				CLANG_WARN__DUPLICATE_METHOD_MATCH = YES;
				CODE_SIGN_IDENTITY = "iPhone Developer";
				COPY_PHASE_STRIP = NO;
				DEBUG_INFORMATION_FORMAT = dwarf;
				ENABLE_STRICT_OBJC_MSGSEND = YES;
				ENABLE_TESTABILITY = YES;
				GCC_C_LANGUAGE_STANDARD = gnu11;
				GCC_DYNAMIC_NO_PIC = NO;
				GCC_NO_COMMON_BLOCKS = YES;
				GCC_OPTIMIZATION_LEVEL = 0;
				GCC_PREPROCESSOR_DEFINITIONS = (
					"DEBUG=1",
					"$(inherited)",
				);
				GCC_WARN_64_TO_32_BIT_CONVERSION = YES;
				GCC_WARN_ABOUT_RETURN_TYPE = YES_ERROR;
				GCC_WARN_UNDECLARED_SELECTOR = YES;
				GCC_WARN_UNINITIALIZED_AUTOS = YES_AGGRESSIVE;
				GCC_WARN_UNUSED_FUNCTION = YES;
				GCC_WARN_UNUSED_VARIABLE = YES;
				IPHONEOS_DEPLOYMENT_TARGET = 11.4;
				MTL_ENABLE_DEBUG_INFO = YES;
				ONLY_ACTIVE_ARCH = YES;
				SDKROOT = iphoneos;
				SWIFT_ACTIVE_COMPILATION_CONDITIONS = DEBUG;
				SWIFT_OPTIMIZATION_LEVEL = "-Onone";
			};
			name = Debug;
		};
		EC8F56AA20EB2E84005D6959 /* Release */ = {
			isa = XCBuildConfiguration;
			buildSettings = {
				ALWAYS_SEARCH_USER_PATHS = NO;
				CLANG_ANALYZER_NONNULL = YES;
				CLANG_ANALYZER_NUMBER_OBJECT_CONVERSION = YES_AGGRESSIVE;
				CLANG_CXX_LANGUAGE_STANDARD = "gnu++14";
				CLANG_CXX_LIBRARY = "libc++";
				CLANG_ENABLE_MODULES = YES;
				CLANG_ENABLE_OBJC_ARC = YES;
				CLANG_ENABLE_OBJC_WEAK = YES;
				CLANG_WARN_BLOCK_CAPTURE_AUTORELEASING = YES;
				CLANG_WARN_BOOL_CONVERSION = YES;
				CLANG_WARN_COMMA = YES;
				CLANG_WARN_CONSTANT_CONVERSION = YES;
				CLANG_WARN_DEPRECATED_OBJC_IMPLEMENTATIONS = YES;
				CLANG_WARN_DIRECT_OBJC_ISA_USAGE = YES_ERROR;
				CLANG_WARN_DOCUMENTATION_COMMENTS = YES;
				CLANG_WARN_EMPTY_BODY = YES;
				CLANG_WARN_ENUM_CONVERSION = YES;
				CLANG_WARN_INFINITE_RECURSION = YES;
				CLANG_WARN_INT_CONVERSION = YES;
				CLANG_WARN_NON_LITERAL_NULL_CONVERSION = YES;
				CLANG_WARN_OBJC_IMPLICIT_RETAIN_SELF = YES;
				CLANG_WARN_OBJC_LITERAL_CONVERSION = YES;
				CLANG_WARN_OBJC_ROOT_CLASS = YES_ERROR;
				CLANG_WARN_RANGE_LOOP_ANALYSIS = YES;
				CLANG_WARN_STRICT_PROTOTYPES = YES;
				CLANG_WARN_SUSPICIOUS_MOVE = YES;
				CLANG_WARN_UNGUARDED_AVAILABILITY = YES_AGGRESSIVE;
				CLANG_WARN_UNREACHABLE_CODE = YES;
				CLANG_WARN__DUPLICATE_METHOD_MATCH = YES;
				CODE_SIGN_IDENTITY = "iPhone Developer";
				COPY_PHASE_STRIP = NO;
				DEBUG_INFORMATION_FORMAT = "dwarf-with-dsym";
				ENABLE_NS_ASSERTIONS = NO;
				ENABLE_STRICT_OBJC_MSGSEND = YES;
				GCC_C_LANGUAGE_STANDARD = gnu11;
				GCC_NO_COMMON_BLOCKS = YES;
				GCC_WARN_64_TO_32_BIT_CONVERSION = YES;
				GCC_WARN_ABOUT_RETURN_TYPE = YES_ERROR;
				GCC_WARN_UNDECLARED_SELECTOR = YES;
				GCC_WARN_UNINITIALIZED_AUTOS = YES_AGGRESSIVE;
				GCC_WARN_UNUSED_FUNCTION = YES;
				GCC_WARN_UNUSED_VARIABLE = YES;
				IPHONEOS_DEPLOYMENT_TARGET = 11.4;
				MTL_ENABLE_DEBUG_INFO = NO;
				SDKROOT = iphoneos;
				SWIFT_COMPILATION_MODE = wholemodule;
				SWIFT_OPTIMIZATION_LEVEL = "-O";
				VALIDATE_PRODUCT = YES;
			};
			name = Release;
		};
		EC8F56AC20EB2E84005D6959 /* Debug */ = {
			isa = XCBuildConfiguration;
			baseConfigurationReference = C01FC24EC56D386209E14D14 /* Pods-VanTomation.debug.xcconfig */;
			buildSettings = {
				ALWAYS_EMBED_SWIFT_STANDARD_LIBRARIES = YES;
				ASSETCATALOG_COMPILER_APPICON_NAME = AppIcon;
				CODE_SIGN_ENTITLEMENTS = VanTomation/VanTomation.entitlements;
				CODE_SIGN_STYLE = Automatic;
				DEVELOPMENT_TEAM = XG2WG7U93U;
				INFOPLIST_FILE = VanTomation/Info.plist;
				IPHONEOS_DEPLOYMENT_TARGET = 12.0;
				LD_RUNPATH_SEARCH_PATHS = (
					"$(inherited)",
					"@executable_path/Frameworks",
				);
				PRODUCT_BUNDLE_IDENTIFIER = br.eng.gustavo.VanTomation;
				PRODUCT_NAME = "$(TARGET_NAME)";
				SWIFT_VERSION = 4.0;
				TARGETED_DEVICE_FAMILY = 1;
			};
			name = Debug;
		};
		EC8F56AD20EB2E84005D6959 /* Release */ = {
			isa = XCBuildConfiguration;
			baseConfigurationReference = 368C196598E59C2C19274BCE /* Pods-VanTomation.release.xcconfig */;
			buildSettings = {
				ALWAYS_EMBED_SWIFT_STANDARD_LIBRARIES = YES;
				ASSETCATALOG_COMPILER_APPICON_NAME = AppIcon;
				CODE_SIGN_ENTITLEMENTS = VanTomation/VanTomation.entitlements;
				CODE_SIGN_STYLE = Automatic;
				DEVELOPMENT_TEAM = XG2WG7U93U;
				INFOPLIST_FILE = VanTomation/Info.plist;
				IPHONEOS_DEPLOYMENT_TARGET = 12.0;
				LD_RUNPATH_SEARCH_PATHS = (
					"$(inherited)",
					"@executable_path/Frameworks",
				);
				PRODUCT_BUNDLE_IDENTIFIER = br.eng.gustavo.VanTomation;
				PRODUCT_NAME = "$(TARGET_NAME)";
				SWIFT_VERSION = 4.0;
				TARGETED_DEVICE_FAMILY = 1;
			};
			name = Release;
		};
		EC8F56AF20EB2E84005D6959 /* Debug */ = {
			isa = XCBuildConfiguration;
			baseConfigurationReference = BA6C123B898D8A8469E88FAD /* Pods-VanTomationTests.debug.xcconfig */;
			buildSettings = {
				ALWAYS_EMBED_SWIFT_STANDARD_LIBRARIES = YES;
				BUNDLE_LOADER = "$(TEST_HOST)";
				CODE_SIGN_STYLE = Automatic;
				DEVELOPMENT_TEAM = XG2WG7U93U;
				INFOPLIST_FILE = VanTomationTests/Info.plist;
				LD_RUNPATH_SEARCH_PATHS = (
					"$(inherited)",
					"@executable_path/Frameworks",
					"@loader_path/Frameworks",
				);
				PRODUCT_BUNDLE_IDENTIFIER = br.eng.gustavo.VanTomationTests;
				PRODUCT_NAME = "$(TARGET_NAME)";
				SWIFT_VERSION = 4.0;
				TARGETED_DEVICE_FAMILY = "1,2";
				TEST_HOST = "$(BUILT_PRODUCTS_DIR)/VanTomation.app/VanTomation";
			};
			name = Debug;
		};
		EC8F56B020EB2E84005D6959 /* Release */ = {
			isa = XCBuildConfiguration;
			baseConfigurationReference = BE7180F0C42A373ED079BB3B /* Pods-VanTomationTests.release.xcconfig */;
			buildSettings = {
				ALWAYS_EMBED_SWIFT_STANDARD_LIBRARIES = YES;
				BUNDLE_LOADER = "$(TEST_HOST)";
				CODE_SIGN_STYLE = Automatic;
				DEVELOPMENT_TEAM = XG2WG7U93U;
				INFOPLIST_FILE = VanTomationTests/Info.plist;
				LD_RUNPATH_SEARCH_PATHS = (
					"$(inherited)",
					"@executable_path/Frameworks",
					"@loader_path/Frameworks",
				);
				PRODUCT_BUNDLE_IDENTIFIER = br.eng.gustavo.VanTomationTests;
				PRODUCT_NAME = "$(TARGET_NAME)";
				SWIFT_VERSION = 4.0;
				TARGETED_DEVICE_FAMILY = "1,2";
				TEST_HOST = "$(BUILT_PRODUCTS_DIR)/VanTomation.app/VanTomation";
			};
			name = Release;
		};
		EC8F56B220EB2E84005D6959 /* Debug */ = {
			isa = XCBuildConfiguration;
			baseConfigurationReference = 103484006F8E181F5DEB5DEC /* Pods-VanTomationUITests.debug.xcconfig */;
			buildSettings = {
				ALWAYS_EMBED_SWIFT_STANDARD_LIBRARIES = YES;
				CODE_SIGN_STYLE = Automatic;
				DEVELOPMENT_TEAM = XG2WG7U93U;
				INFOPLIST_FILE = VanTomationUITests/Info.plist;
				LD_RUNPATH_SEARCH_PATHS = (
					"$(inherited)",
					"@executable_path/Frameworks",
					"@loader_path/Frameworks",
				);
				PRODUCT_BUNDLE_IDENTIFIER = br.eng.gustavo.VanTomationUITests;
				PRODUCT_NAME = "$(TARGET_NAME)";
				SWIFT_VERSION = 4.0;
				TARGETED_DEVICE_FAMILY = "1,2";
				TEST_TARGET_NAME = VanTomation;
			};
			name = Debug;
		};
		EC8F56B320EB2E84005D6959 /* Release */ = {
			isa = XCBuildConfiguration;
			baseConfigurationReference = DD5AB710BB35CE5026ED0398 /* Pods-VanTomationUITests.release.xcconfig */;
			buildSettings = {
				ALWAYS_EMBED_SWIFT_STANDARD_LIBRARIES = YES;
				CODE_SIGN_STYLE = Automatic;
				DEVELOPMENT_TEAM = XG2WG7U93U;
				INFOPLIST_FILE = VanTomationUITests/Info.plist;
				LD_RUNPATH_SEARCH_PATHS = (
					"$(inherited)",
					"@executable_path/Frameworks",
					"@loader_path/Frameworks",
				);
				PRODUCT_BUNDLE_IDENTIFIER = br.eng.gustavo.VanTomationUITests;
				PRODUCT_NAME = "$(TARGET_NAME)";
				SWIFT_VERSION = 4.0;
				TARGETED_DEVICE_FAMILY = "1,2";
				TEST_TARGET_NAME = VanTomation;
			};
			name = Release;
		};
/* End XCBuildConfiguration section */

/* Begin XCConfigurationList section */
		81CA7BC421B9A45200344D45 /* Build configuration list for PBXNativeTarget "AutomationIntents" */ = {
			isa = XCConfigurationList;
			buildConfigurations = (
				81CA7BC221B9A45200344D45 /* Debug */,
				81CA7BC321B9A45200344D45 /* Release */,
			);
			defaultConfigurationIsVisible = 0;
			defaultConfigurationName = Release;
		};
		81FF8B5C21BA033E009DC68F /* Build configuration list for PBXNativeTarget "VanTomationCommons" */ = {
			isa = XCConfigurationList;
			buildConfigurations = (
				81FF8B5D21BA033E009DC68F /* Debug */,
				81FF8B5E21BA033E009DC68F /* Release */,
			);
			defaultConfigurationIsVisible = 0;
			defaultConfigurationName = Release;
		};
		EC8F567E20EB2E82005D6959 /* Build configuration list for PBXProject "VanTomation" */ = {
			isa = XCConfigurationList;
			buildConfigurations = (
				EC8F56A920EB2E84005D6959 /* Debug */,
				EC8F56AA20EB2E84005D6959 /* Release */,
			);
			defaultConfigurationIsVisible = 0;
			defaultConfigurationName = Release;
		};
		EC8F56AB20EB2E84005D6959 /* Build configuration list for PBXNativeTarget "VanTomation" */ = {
			isa = XCConfigurationList;
			buildConfigurations = (
				EC8F56AC20EB2E84005D6959 /* Debug */,
				EC8F56AD20EB2E84005D6959 /* Release */,
			);
			defaultConfigurationIsVisible = 0;
			defaultConfigurationName = Release;
		};
		EC8F56AE20EB2E84005D6959 /* Build configuration list for PBXNativeTarget "VanTomationTests" */ = {
			isa = XCConfigurationList;
			buildConfigurations = (
				EC8F56AF20EB2E84005D6959 /* Debug */,
				EC8F56B020EB2E84005D6959 /* Release */,
			);
			defaultConfigurationIsVisible = 0;
			defaultConfigurationName = Release;
		};
		EC8F56B120EB2E84005D6959 /* Build configuration list for PBXNativeTarget "VanTomationUITests" */ = {
			isa = XCConfigurationList;
			buildConfigurations = (
				EC8F56B220EB2E84005D6959 /* Debug */,
				EC8F56B320EB2E84005D6959 /* Release */,
			);
			defaultConfigurationIsVisible = 0;
			defaultConfigurationName = Release;
		};
/* End XCConfigurationList section */
	};
	rootObject = EC8F567B20EB2E82005D6959 /* Project object */;
}
