// !$*UTF8*$!
{
	archiveVersion = 1;
	classes = {
	};
	objectVersion = 50;
	objects = {

/* Begin PBXBuildFile section */
		671680447B9AAF27D48CB121 /* Pods_VanTomationTests.framework in Frameworks */ = {isa = PBXBuildFile; fileRef = FF0657AD084F29454B02218E /* Pods_VanTomationTests.framework */; };
		A6C8A7378DE3A1E0B9E107D1 /* Pods_VanTomation.framework in Frameworks */ = {isa = PBXBuildFile; fileRef = 224B247CA41DBCFEA61576AF /* Pods_VanTomation.framework */; };
		B19F9D25BB5C133422BEE01D /* Pods_VanTomationUITests.framework in Frameworks */ = {isa = PBXBuildFile; fileRef = 7622A07071BC303034BCD6DE /* Pods_VanTomationUITests.framework */; };
		EC8F568720EB2E82005D6959 /* AppDelegate.swift in Sources */ = {isa = PBXBuildFile; fileRef = EC8F568620EB2E82005D6959 /* AppDelegate.swift */; };
		EC8F568920EB2E82005D6959 /* ViewController.swift in Sources */ = {isa = PBXBuildFile; fileRef = EC8F568820EB2E82005D6959 /* ViewController.swift */; };
		EC8F568C20EB2E82005D6959 /* Main.storyboard in Resources */ = {isa = PBXBuildFile; fileRef = EC8F568A20EB2E82005D6959 /* Main.storyboard */; };
		EC8F568E20EB2E84005D6959 /* Assets.xcassets in Resources */ = {isa = PBXBuildFile; fileRef = EC8F568D20EB2E84005D6959 /* Assets.xcassets */; };
		EC8F569120EB2E84005D6959 /* LaunchScreen.storyboard in Resources */ = {isa = PBXBuildFile; fileRef = EC8F568F20EB2E84005D6959 /* LaunchScreen.storyboard */; };
		EC8F569C20EB2E84005D6959 /* VanTomationTests.swift in Sources */ = {isa = PBXBuildFile; fileRef = EC8F569B20EB2E84005D6959 /* VanTomationTests.swift */; };
		EC8F56A720EB2E84005D6959 /* VanTomationUITests.swift in Sources */ = {isa = PBXBuildFile; fileRef = EC8F56A620EB2E84005D6959 /* VanTomationUITests.swift */; };
		EC8F56B520EB35B3005D6959 /* MasterManager.swift in Sources */ = {isa = PBXBuildFile; fileRef = EC8F56B420EB35B3005D6959 /* MasterManager.swift */; };
		ECADEAE420FAED5A00E42F17 /* ColorPickerLens.swift in Sources */ = {isa = PBXBuildFile; fileRef = ECADEAE320FAED5A00E42F17 /* ColorPickerLens.swift */; };
		ECADEAE620FAF75600E42F17 /* ColorPickerImageView.swift in Sources */ = {isa = PBXBuildFile; fileRef = ECADEAE520FAF75600E42F17 /* ColorPickerImageView.swift */; };
/* End PBXBuildFile section */

/* Begin PBXContainerItemProxy section */
		EC8F569820EB2E84005D6959 /* PBXContainerItemProxy */ = {
			isa = PBXContainerItemProxy;
			containerPortal = EC8F567B20EB2E82005D6959 /* Project object */;
			proxyType = 1;
			remoteGlobalIDString = EC8F568220EB2E82005D6959;
			remoteInfo = VanTomation;
		};
		EC8F56A320EB2E84005D6959 /* PBXContainerItemProxy */ = {
			isa = PBXContainerItemProxy;
			containerPortal = EC8F567B20EB2E82005D6959 /* Project object */;
			proxyType = 1;
			remoteGlobalIDString = EC8F568220EB2E82005D6959;
			remoteInfo = VanTomation;
		};
/* End PBXContainerItemProxy section */

/* Begin PBXFileReference section */
		103484006F8E181F5DEB5DEC /* Pods-VanTomationUITests.debug.xcconfig */ = {isa = PBXFileReference; includeInIndex = 1; lastKnownFileType = text.xcconfig; name = "Pods-VanTomationUITests.debug.xcconfig"; path = "Pods/Target Support Files/Pods-VanTomationUITests/Pods-VanTomationUITests.debug.xcconfig"; sourceTree = "<group>"; };
		224B247CA41DBCFEA61576AF /* Pods_VanTomation.framework */ = {isa = PBXFileReference; explicitFileType = wrapper.framework; includeInIndex = 0; path = Pods_VanTomation.framework; sourceTree = BUILT_PRODUCTS_DIR; };
		368C196598E59C2C19274BCE /* Pods-VanTomation.release.xcconfig */ = {isa = PBXFileReference; includeInIndex = 1; lastKnownFileType = text.xcconfig; name = "Pods-VanTomation.release.xcconfig"; path = "Pods/Target Support Files/Pods-VanTomation/Pods-VanTomation.release.xcconfig"; sourceTree = "<group>"; };
		7622A07071BC303034BCD6DE /* Pods_VanTomationUITests.framework */ = {isa = PBXFileReference; explicitFileType = wrapper.framework; includeInIndex = 0; path = Pods_VanTomationUITests.framework; sourceTree = BUILT_PRODUCTS_DIR; };
		BA6C123B898D8A8469E88FAD /* Pods-VanTomationTests.debug.xcconfig */ = {isa = PBXFileReference; includeInIndex = 1; lastKnownFileType = text.xcconfig; name = "Pods-VanTomationTests.debug.xcconfig"; path = "Pods/Target Support Files/Pods-VanTomationTests/Pods-VanTomationTests.debug.xcconfig"; sourceTree = "<group>"; };
		BE7180F0C42A373ED079BB3B /* Pods-VanTomationTests.release.xcconfig */ = {isa = PBXFileReference; includeInIndex = 1; lastKnownFileType = text.xcconfig; name = "Pods-VanTomationTests.release.xcconfig"; path = "Pods/Target Support Files/Pods-VanTomationTests/Pods-VanTomationTests.release.xcconfig"; sourceTree = "<group>"; };
		C01FC24EC56D386209E14D14 /* Pods-VanTomation.debug.xcconfig */ = {isa = PBXFileReference; includeInIndex = 1; lastKnownFileType = text.xcconfig; name = "Pods-VanTomation.debug.xcconfig"; path = "Pods/Target Support Files/Pods-VanTomation/Pods-VanTomation.debug.xcconfig"; sourceTree = "<group>"; };
		DD5AB710BB35CE5026ED0398 /* Pods-VanTomationUITests.release.xcconfig */ = {isa = PBXFileReference; includeInIndex = 1; lastKnownFileType = text.xcconfig; name = "Pods-VanTomationUITests.release.xcconfig"; path = "Pods/Target Support Files/Pods-VanTomationUITests/Pods-VanTomationUITests.release.xcconfig"; sourceTree = "<group>"; };
		EC8F568320EB2E82005D6959 /* VanTomation.app */ = {isa = PBXFileReference; explicitFileType = wrapper.application; includeInIndex = 0; path = VanTomation.app; sourceTree = BUILT_PRODUCTS_DIR; };
		EC8F568620EB2E82005D6959 /* AppDelegate.swift */ = {isa = PBXFileReference; lastKnownFileType = sourcecode.swift; path = AppDelegate.swift; sourceTree = "<group>"; };
		EC8F568820EB2E82005D6959 /* ViewController.swift */ = {isa = PBXFileReference; lastKnownFileType = sourcecode.swift; path = ViewController.swift; sourceTree = "<group>"; };
		EC8F568B20EB2E82005D6959 /* Base */ = {isa = PBXFileReference; lastKnownFileType = file.storyboard; name = Base; path = Base.lproj/Main.storyboard; sourceTree = "<group>"; };
		EC8F568D20EB2E84005D6959 /* Assets.xcassets */ = {isa = PBXFileReference; lastKnownFileType = folder.assetcatalog; path = Assets.xcassets; sourceTree = "<group>"; };
		EC8F569020EB2E84005D6959 /* Base */ = {isa = PBXFileReference; lastKnownFileType = file.storyboard; name = Base; path = Base.lproj/LaunchScreen.storyboard; sourceTree = "<group>"; };
		EC8F569220EB2E84005D6959 /* Info.plist */ = {isa = PBXFileReference; lastKnownFileType = text.plist.xml; path = Info.plist; sourceTree = "<group>"; };
		EC8F569720EB2E84005D6959 /* VanTomationTests.xctest */ = {isa = PBXFileReference; explicitFileType = wrapper.cfbundle; includeInIndex = 0; path = VanTomationTests.xctest; sourceTree = BUILT_PRODUCTS_DIR; };
		EC8F569B20EB2E84005D6959 /* VanTomationTests.swift */ = {isa = PBXFileReference; lastKnownFileType = sourcecode.swift; path = VanTomationTests.swift; sourceTree = "<group>"; };
		EC8F569D20EB2E84005D6959 /* Info.plist */ = {isa = PBXFileReference; lastKnownFileType = text.plist.xml; path = Info.plist; sourceTree = "<group>"; };
		EC8F56A220EB2E84005D6959 /* VanTomationUITests.xctest */ = {isa = PBXFileReference; explicitFileType = wrapper.cfbundle; includeInIndex = 0; path = VanTomationUITests.xctest; sourceTree = BUILT_PRODUCTS_DIR; };
		EC8F56A620EB2E84005D6959 /* VanTomationUITests.swift */ = {isa = PBXFileReference; lastKnownFileType = sourcecode.swift; path = VanTomationUITests.swift; sourceTree = "<group>"; };
		EC8F56A820EB2E84005D6959 /* Info.plist */ = {isa = PBXFileReference; lastKnownFileType = text.plist.xml; path = Info.plist; sourceTree = "<group>"; };
		EC8F56B420EB35B3005D6959 /* MasterManager.swift */ = {isa = PBXFileReference; lastKnownFileType = sourcecode.swift; path = MasterManager.swift; sourceTree = "<group>"; };
		ECADEAE320FAED5A00E42F17 /* ColorPickerLens.swift */ = {isa = PBXFileReference; lastKnownFileType = sourcecode.swift; path = ColorPickerLens.swift; sourceTree = "<group>"; };
		ECADEAE520FAF75600E42F17 /* ColorPickerImageView.swift */ = {isa = PBXFileReference; lastKnownFileType = sourcecode.swift; path = ColorPickerImageView.swift; sourceTree = "<group>"; };
		FF0657AD084F29454B02218E /* Pods_VanTomationTests.framework */ = {isa = PBXFileReference; explicitFileType = wrapper.framework; includeInIndex = 0; path = Pods_VanTomationTests.framework; sourceTree = BUILT_PRODUCTS_DIR; };
/* End PBXFileReference section */

/* Begin PBXFrameworksBuildPhase section */
		EC8F568020EB2E82005D6959 /* Frameworks */ = {
			isa = PBXFrameworksBuildPhase;
			buildActionMask = 2147483647;
			files = (
				A6C8A7378DE3A1E0B9E107D1 /* Pods_VanTomation.framework in Frameworks */,
			);
			runOnlyForDeploymentPostprocessing = 0;
		};
		EC8F569420EB2E84005D6959 /* Frameworks */ = {
			isa = PBXFrameworksBuildPhase;
			buildActionMask = 2147483647;
			files = (
				671680447B9AAF27D48CB121 /* Pods_VanTomationTests.framework in Frameworks */,
			);
			runOnlyForDeploymentPostprocessing = 0;
		};
		EC8F569F20EB2E84005D6959 /* Frameworks */ = {
			isa = PBXFrameworksBuildPhase;
			buildActionMask = 2147483647;
			files = (
				B19F9D25BB5C133422BEE01D /* Pods_VanTomationUITests.framework in Frameworks */,
			);
			runOnlyForDeploymentPostprocessing = 0;
		};
/* End PBXFrameworksBuildPhase section */

/* Begin PBXGroup section */
		0F694128A212E944581B44B4 /* Pods */ = {
			isa = PBXGroup;
			children = (
				C01FC24EC56D386209E14D14 /* Pods-VanTomation.debug.xcconfig */,
				368C196598E59C2C19274BCE /* Pods-VanTomation.release.xcconfig */,
				BA6C123B898D8A8469E88FAD /* Pods-VanTomationTests.debug.xcconfig */,
				BE7180F0C42A373ED079BB3B /* Pods-VanTomationTests.release.xcconfig */,
				103484006F8E181F5DEB5DEC /* Pods-VanTomationUITests.debug.xcconfig */,
				DD5AB710BB35CE5026ED0398 /* Pods-VanTomationUITests.release.xcconfig */,
			);
			name = Pods;
			sourceTree = "<group>";
		};
		6B2A425F4B309A9BDDE5C60C /* Frameworks */ = {
			isa = PBXGroup;
			children = (
				224B247CA41DBCFEA61576AF /* Pods_VanTomation.framework */,
				FF0657AD084F29454B02218E /* Pods_VanTomationTests.framework */,
				7622A07071BC303034BCD6DE /* Pods_VanTomationUITests.framework */,
			);
			name = Frameworks;
			sourceTree = "<group>";
		};
		EC8F567A20EB2E82005D6959 = {
			isa = PBXGroup;
			children = (
				EC8F568520EB2E82005D6959 /* VanTomation */,
				EC8F569A20EB2E84005D6959 /* VanTomationTests */,
				EC8F56A520EB2E84005D6959 /* VanTomationUITests */,
				EC8F568420EB2E82005D6959 /* Products */,
				0F694128A212E944581B44B4 /* Pods */,
				6B2A425F4B309A9BDDE5C60C /* Frameworks */,
			);
			sourceTree = "<group>";
		};
		EC8F568420EB2E82005D6959 /* Products */ = {
			isa = PBXGroup;
			children = (
				EC8F568320EB2E82005D6959 /* VanTomation.app */,
				EC8F569720EB2E84005D6959 /* VanTomationTests.xctest */,
				EC8F56A220EB2E84005D6959 /* VanTomationUITests.xctest */,
			);
			name = Products;
			sourceTree = "<group>";
		};
		EC8F568520EB2E82005D6959 /* VanTomation */ = {
			isa = PBXGroup;
			children = (
				EC8F568620EB2E82005D6959 /* AppDelegate.swift */,
				EC8F56B420EB35B3005D6959 /* MasterManager.swift */,
				EC8F568820EB2E82005D6959 /* ViewController.swift */,
				EC8F568A20EB2E82005D6959 /* Main.storyboard */,
				EC8F568D20EB2E84005D6959 /* Assets.xcassets */,
				EC8F568F20EB2E84005D6959 /* LaunchScreen.storyboard */,
				EC8F569220EB2E84005D6959 /* Info.plist */,
				ECADEAE320FAED5A00E42F17 /* ColorPickerLens.swift */,
				ECADEAE520FAF75600E42F17 /* ColorPickerImageView.swift */,
			);
			path = VanTomation;
			sourceTree = "<group>";
		};
		EC8F569A20EB2E84005D6959 /* VanTomationTests */ = {
			isa = PBXGroup;
			children = (
				EC8F569B20EB2E84005D6959 /* VanTomationTests.swift */,
				EC8F569D20EB2E84005D6959 /* Info.plist */,
			);
			path = VanTomationTests;
			sourceTree = "<group>";
		};
		EC8F56A520EB2E84005D6959 /* VanTomationUITests */ = {
			isa = PBXGroup;
			children = (
				EC8F56A620EB2E84005D6959 /* VanTomationUITests.swift */,
				EC8F56A820EB2E84005D6959 /* Info.plist */,
			);
			path = VanTomationUITests;
			sourceTree = "<group>";
		};
/* End PBXGroup section */

/* Begin PBXNativeTarget section */
		EC8F568220EB2E82005D6959 /* VanTomation */ = {
			isa = PBXNativeTarget;
			buildConfigurationList = EC8F56AB20EB2E84005D6959 /* Build configuration list for PBXNativeTarget "VanTomation" */;
			buildPhases = (
				C08D3506DC96CFB3F1FC67A2 /* [CP] Check Pods Manifest.lock */,
				EC8F567F20EB2E82005D6959 /* Sources */,
				EC8F568020EB2E82005D6959 /* Frameworks */,
				EC8F568120EB2E82005D6959 /* Resources */,
				DC1F7BA65D1F2A3BCEF977A5 /* [CP] Embed Pods Frameworks */,
			);
			buildRules = (
			);
			dependencies = (
			);
			name = VanTomation;
			productName = VanTomation;
			productReference = EC8F568320EB2E82005D6959 /* VanTomation.app */;
			productType = "com.apple.product-type.application";
		};
		EC8F569620EB2E84005D6959 /* VanTomationTests */ = {
			isa = PBXNativeTarget;
			buildConfigurationList = EC8F56AE20EB2E84005D6959 /* Build configuration list for PBXNativeTarget "VanTomationTests" */;
			buildPhases = (
				34A423966D95F9CC16AE191C /* [CP] Check Pods Manifest.lock */,
				EC8F569320EB2E84005D6959 /* Sources */,
				EC8F569420EB2E84005D6959 /* Frameworks */,
				EC8F569520EB2E84005D6959 /* Resources */,
			);
			buildRules = (
			);
			dependencies = (
				EC8F569920EB2E84005D6959 /* PBXTargetDependency */,
			);
			name = VanTomationTests;
			productName = VanTomationTests;
			productReference = EC8F569720EB2E84005D6959 /* VanTomationTests.xctest */;
			productType = "com.apple.product-type.bundle.unit-test";
		};
		EC8F56A120EB2E84005D6959 /* VanTomationUITests */ = {
			isa = PBXNativeTarget;
			buildConfigurationList = EC8F56B120EB2E84005D6959 /* Build configuration list for PBXNativeTarget "VanTomationUITests" */;
			buildPhases = (
				D9A71AC641235BB0C2201202 /* [CP] Check Pods Manifest.lock */,
				EC8F569E20EB2E84005D6959 /* Sources */,
				EC8F569F20EB2E84005D6959 /* Frameworks */,
				EC8F56A020EB2E84005D6959 /* Resources */,
			);
			buildRules = (
			);
			dependencies = (
				EC8F56A420EB2E84005D6959 /* PBXTargetDependency */,
			);
			name = VanTomationUITests;
			productName = VanTomationUITests;
			productReference = EC8F56A220EB2E84005D6959 /* VanTomationUITests.xctest */;
			productType = "com.apple.product-type.bundle.ui-testing";
		};
/* End PBXNativeTarget section */

/* Begin PBXProject section */
		EC8F567B20EB2E82005D6959 /* Project object */ = {
			isa = PBXProject;
			attributes = {
				LastSwiftUpdateCheck = 0940;
				LastUpgradeCheck = 0940;
				ORGANIZATIONNAME = "Gustavo Ambrozio";
				TargetAttributes = {
					EC8F568220EB2E82005D6959 = {
						CreatedOnToolsVersion = 9.4.1;
						SystemCapabilities = {
							com.apple.BackgroundModes = {
								enabled = 1;
							};
						};
					};
					EC8F569620EB2E84005D6959 = {
						CreatedOnToolsVersion = 9.4.1;
						TestTargetID = EC8F568220EB2E82005D6959;
					};
					EC8F56A120EB2E84005D6959 = {
						CreatedOnToolsVersion = 9.4.1;
						TestTargetID = EC8F568220EB2E82005D6959;
					};
				};
			};
			buildConfigurationList = EC8F567E20EB2E82005D6959 /* Build configuration list for PBXProject "VanTomation" */;
			compatibilityVersion = "Xcode 9.3";
			developmentRegion = en;
			hasScannedForEncodings = 0;
			knownRegions = (
				en,
				Base,
			);
			mainGroup = EC8F567A20EB2E82005D6959;
			productRefGroup = EC8F568420EB2E82005D6959 /* Products */;
			projectDirPath = "";
			projectRoot = "";
			targets = (
				EC8F568220EB2E82005D6959 /* VanTomation */,
				EC8F569620EB2E84005D6959 /* VanTomationTests */,
				EC8F56A120EB2E84005D6959 /* VanTomationUITests */,
			);
		};
/* End PBXProject section */

/* Begin PBXResourcesBuildPhase section */
		EC8F568120EB2E82005D6959 /* Resources */ = {
			isa = PBXResourcesBuildPhase;
			buildActionMask = 2147483647;
			files = (
				EC8F569120EB2E84005D6959 /* LaunchScreen.storyboard in Resources */,
				EC8F568E20EB2E84005D6959 /* Assets.xcassets in Resources */,
				EC8F568C20EB2E82005D6959 /* Main.storyboard in Resources */,
			);
			runOnlyForDeploymentPostprocessing = 0;
		};
		EC8F569520EB2E84005D6959 /* Resources */ = {
			isa = PBXResourcesBuildPhase;
			buildActionMask = 2147483647;
			files = (
			);
			runOnlyForDeploymentPostprocessing = 0;
		};
		EC8F56A020EB2E84005D6959 /* Resources */ = {
			isa = PBXResourcesBuildPhase;
			buildActionMask = 2147483647;
			files = (
			);
			runOnlyForDeploymentPostprocessing = 0;
		};
/* End PBXResourcesBuildPhase section */

/* Begin PBXShellScriptBuildPhase section */
		34A423966D95F9CC16AE191C /* [CP] Check Pods Manifest.lock */ = {
			isa = PBXShellScriptBuildPhase;
			buildActionMask = 2147483647;
			files = (
			);
			inputPaths = (
				"${PODS_PODFILE_DIR_PATH}/Podfile.lock",
				"${PODS_ROOT}/Manifest.lock",
			);
			name = "[CP] Check Pods Manifest.lock";
			outputPaths = (
				"$(DERIVED_FILE_DIR)/Pods-VanTomationTests-checkManifestLockResult.txt",
			);
			runOnlyForDeploymentPostprocessing = 0;
			shellPath = /bin/sh;
			shellScript = "diff \"${PODS_PODFILE_DIR_PATH}/Podfile.lock\" \"${PODS_ROOT}/Manifest.lock\" > /dev/null\nif [ $? != 0 ] ; then\n    # print error to STDERR\n    echo \"error: The sandbox is not in sync with the Podfile.lock. Run 'pod install' or update your CocoaPods installation.\" >&2\n    exit 1\nfi\n# This output is used by Xcode 'outputs' to avoid re-running this script phase.\necho \"SUCCESS\" > \"${SCRIPT_OUTPUT_FILE_0}\"\n";
			showEnvVarsInLog = 0;
		};
		C08D3506DC96CFB3F1FC67A2 /* [CP] Check Pods Manifest.lock */ = {
			isa = PBXShellScriptBuildPhase;
			buildActionMask = 2147483647;
			files = (
			);
			inputPaths = (
				"${PODS_PODFILE_DIR_PATH}/Podfile.lock",
				"${PODS_ROOT}/Manifest.lock",
			);
			name = "[CP] Check Pods Manifest.lock";
			outputPaths = (
				"$(DERIVED_FILE_DIR)/Pods-VanTomation-checkManifestLockResult.txt",
			);
			runOnlyForDeploymentPostprocessing = 0;
			shellPath = /bin/sh;
			shellScript = "diff \"${PODS_PODFILE_DIR_PATH}/Podfile.lock\" \"${PODS_ROOT}/Manifest.lock\" > /dev/null\nif [ $? != 0 ] ; then\n    # print error to STDERR\n    echo \"error: The sandbox is not in sync with the Podfile.lock. Run 'pod install' or update your CocoaPods installation.\" >&2\n    exit 1\nfi\n# This output is used by Xcode 'outputs' to avoid re-running this script phase.\necho \"SUCCESS\" > \"${SCRIPT_OUTPUT_FILE_0}\"\n";
			showEnvVarsInLog = 0;
		};
		D9A71AC641235BB0C2201202 /* [CP] Check Pods Manifest.lock */ = {
			isa = PBXShellScriptBuildPhase;
			buildActionMask = 2147483647;
			files = (
			);
			inputPaths = (
				"${PODS_PODFILE_DIR_PATH}/Podfile.lock",
				"${PODS_ROOT}/Manifest.lock",
			);
			name = "[CP] Check Pods Manifest.lock";
			outputPaths = (
				"$(DERIVED_FILE_DIR)/Pods-VanTomationUITests-checkManifestLockResult.txt",
			);
			runOnlyForDeploymentPostprocessing = 0;
			shellPath = /bin/sh;
			shellScript = "diff \"${PODS_PODFILE_DIR_PATH}/Podfile.lock\" \"${PODS_ROOT}/Manifest.lock\" > /dev/null\nif [ $? != 0 ] ; then\n    # print error to STDERR\n    echo \"error: The sandbox is not in sync with the Podfile.lock. Run 'pod install' or update your CocoaPods installation.\" >&2\n    exit 1\nfi\n# This output is used by Xcode 'outputs' to avoid re-running this script phase.\necho \"SUCCESS\" > \"${SCRIPT_OUTPUT_FILE_0}\"\n";
			showEnvVarsInLog = 0;
		};
		DC1F7BA65D1F2A3BCEF977A5 /* [CP] Embed Pods Frameworks */ = {
			isa = PBXShellScriptBuildPhase;
			buildActionMask = 2147483647;
			files = (
			);
			inputPaths = (
				"${SRCROOT}/Pods/Target Support Files/Pods-VanTomation/Pods-VanTomation-frameworks.sh",
				"${BUILT_PRODUCTS_DIR}/BlueCapKit/BlueCapKit.framework",
				"${BUILT_PRODUCTS_DIR}/fluid-slider/fluid_slider.framework",
				"${BUILT_PRODUCTS_DIR}/pop/pop.framework",
			);
			name = "[CP] Embed Pods Frameworks";
			outputPaths = (
				"${TARGET_BUILD_DIR}/${FRAMEWORKS_FOLDER_PATH}/BlueCapKit.framework",
				"${TARGET_BUILD_DIR}/${FRAMEWORKS_FOLDER_PATH}/fluid_slider.framework",
				"${TARGET_BUILD_DIR}/${FRAMEWORKS_FOLDER_PATH}/pop.framework",
			);
			runOnlyForDeploymentPostprocessing = 0;
			shellPath = /bin/sh;
			shellScript = "\"${SRCROOT}/Pods/Target Support Files/Pods-VanTomation/Pods-VanTomation-frameworks.sh\"\n";
			showEnvVarsInLog = 0;
		};
/* End PBXShellScriptBuildPhase section */

/* Begin PBXSourcesBuildPhase section */
		EC8F567F20EB2E82005D6959 /* Sources */ = {
			isa = PBXSourcesBuildPhase;
			buildActionMask = 2147483647;
			files = (
				EC8F568920EB2E82005D6959 /* ViewController.swift in Sources */,
				EC8F568720EB2E82005D6959 /* AppDelegate.swift in Sources */,
				EC8F56B520EB35B3005D6959 /* MasterManager.swift in Sources */,
				ECADEAE620FAF75600E42F17 /* ColorPickerImageView.swift in Sources */,
				ECADEAE420FAED5A00E42F17 /* ColorPickerLens.swift in Sources */,
			);
			runOnlyForDeploymentPostprocessing = 0;
		};
		EC8F569320EB2E84005D6959 /* Sources */ = {
			isa = PBXSourcesBuildPhase;
			buildActionMask = 2147483647;
			files = (
				EC8F569C20EB2E84005D6959 /* VanTomationTests.swift in Sources */,
			);
			runOnlyForDeploymentPostprocessing = 0;
		};
		EC8F569E20EB2E84005D6959 /* Sources */ = {
			isa = PBXSourcesBuildPhase;
			buildActionMask = 2147483647;
			files = (
				EC8F56A720EB2E84005D6959 /* VanTomationUITests.swift in Sources */,
			);
			runOnlyForDeploymentPostprocessing = 0;
		};
/* End PBXSourcesBuildPhase section */

/* Begin PBXTargetDependency section */
		EC8F569920EB2E84005D6959 /* PBXTargetDependency */ = {
			isa = PBXTargetDependency;
			target = EC8F568220EB2E82005D6959 /* VanTomation */;
			targetProxy = EC8F569820EB2E84005D6959 /* PBXContainerItemProxy */;
		};
		EC8F56A420EB2E84005D6959 /* PBXTargetDependency */ = {
			isa = PBXTargetDependency;
			target = EC8F568220EB2E82005D6959 /* VanTomation */;
			targetProxy = EC8F56A320EB2E84005D6959 /* PBXContainerItemProxy */;
		};
/* End PBXTargetDependency section */

/* Begin PBXVariantGroup section */
		EC8F568A20EB2E82005D6959 /* Main.storyboard */ = {
			isa = PBXVariantGroup;
			children = (
				EC8F568B20EB2E82005D6959 /* Base */,
			);
			name = Main.storyboard;
			sourceTree = "<group>";
		};
		EC8F568F20EB2E84005D6959 /* LaunchScreen.storyboard */ = {
			isa = PBXVariantGroup;
			children = (
				EC8F569020EB2E84005D6959 /* Base */,
			);
			name = LaunchScreen.storyboard;
			sourceTree = "<group>";
		};
/* End PBXVariantGroup section */

/* Begin XCBuildConfiguration section */
		EC8F56A920EB2E84005D6959 /* Debug */ = {
			isa = XCBuildConfiguration;
			buildSettings = {
				ALWAYS_SEARCH_USER_PATHS = NO;
				CLANG_ANALYZER_NONNULL = YES;
				CLANG_ANALYZER_NUMBER_OBJECT_CONVERSION = YES_AGGRESSIVE;
				CLANG_CXX_LANGUAGE_STANDARD = "gnu++14";
				CLANG_CXX_LIBRARY = "libc++";
				CLANG_ENABLE_MODULES = YES;
				CLANG_ENABLE_OBJC_ARC = YES;
				CLANG_ENABLE_OBJC_WEAK = YES;
				CLANG_WARN_BLOCK_CAPTURE_AUTORELEASING = YES;
				CLANG_WARN_BOOL_CONVERSION = YES;
				CLANG_WARN_COMMA = YES;
				CLANG_WARN_CONSTANT_CONVERSION = YES;
				CLANG_WARN_DEPRECATED_OBJC_IMPLEMENTATIONS = YES;
				CLANG_WARN_DIRECT_OBJC_ISA_USAGE = YES_ERROR;
				CLANG_WARN_DOCUMENTATION_COMMENTS = YES;
				CLANG_WARN_EMPTY_BODY = YES;
				CLANG_WARN_ENUM_CONVERSION = YES;
				CLANG_WARN_INFINITE_RECURSION = YES;
				CLANG_WARN_INT_CONVERSION = YES;
				CLANG_WARN_NON_LITERAL_NULL_CONVERSION = YES;
				CLANG_WARN_OBJC_IMPLICIT_RETAIN_SELF = YES;
				CLANG_WARN_OBJC_LITERAL_CONVERSION = YES;
				CLANG_WARN_OBJC_ROOT_CLASS = YES_ERROR;
				CLANG_WARN_RANGE_LOOP_ANALYSIS = YES;
				CLANG_WARN_STRICT_PROTOTYPES = YES;
				CLANG_WARN_SUSPICIOUS_MOVE = YES;
				CLANG_WARN_UNGUARDED_AVAILABILITY = YES_AGGRESSIVE;
				CLANG_WARN_UNREACHABLE_CODE = YES;
				CLANG_WARN__DUPLICATE_METHOD_MATCH = YES;
				CODE_SIGN_IDENTITY = "iPhone Developer";
				COPY_PHASE_STRIP = NO;
				DEBUG_INFORMATION_FORMAT = dwarf;
				ENABLE_STRICT_OBJC_MSGSEND = YES;
				ENABLE_TESTABILITY = YES;
				GCC_C_LANGUAGE_STANDARD = gnu11;
				GCC_DYNAMIC_NO_PIC = NO;
				GCC_NO_COMMON_BLOCKS = YES;
				GCC_OPTIMIZATION_LEVEL = 0;
				GCC_PREPROCESSOR_DEFINITIONS = (
					"DEBUG=1",
					"$(inherited)",
				);
				GCC_WARN_64_TO_32_BIT_CONVERSION = YES;
				GCC_WARN_ABOUT_RETURN_TYPE = YES_ERROR;
				GCC_WARN_UNDECLARED_SELECTOR = YES;
				GCC_WARN_UNINITIALIZED_AUTOS = YES_AGGRESSIVE;
				GCC_WARN_UNUSED_FUNCTION = YES;
				GCC_WARN_UNUSED_VARIABLE = YES;
				IPHONEOS_DEPLOYMENT_TARGET = 11.4;
				MTL_ENABLE_DEBUG_INFO = YES;
				ONLY_ACTIVE_ARCH = YES;
				SDKROOT = iphoneos;
				SWIFT_ACTIVE_COMPILATION_CONDITIONS = DEBUG;
				SWIFT_OPTIMIZATION_LEVEL = "-Onone";
			};
			name = Debug;
		};
		EC8F56AA20EB2E84005D6959 /* Release */ = {
			isa = XCBuildConfiguration;
			buildSettings = {
				ALWAYS_SEARCH_USER_PATHS = NO;
				CLANG_ANALYZER_NONNULL = YES;
				CLANG_ANALYZER_NUMBER_OBJECT_CONVERSION = YES_AGGRESSIVE;
				CLANG_CXX_LANGUAGE_STANDARD = "gnu++14";
				CLANG_CXX_LIBRARY = "libc++";
				CLANG_ENABLE_MODULES = YES;
				CLANG_ENABLE_OBJC_ARC = YES;
				CLANG_ENABLE_OBJC_WEAK = YES;
				CLANG_WARN_BLOCK_CAPTURE_AUTORELEASING = YES;
				CLANG_WARN_BOOL_CONVERSION = YES;
				CLANG_WARN_COMMA = YES;
				CLANG_WARN_CONSTANT_CONVERSION = YES;
				CLANG_WARN_DEPRECATED_OBJC_IMPLEMENTATIONS = YES;
				CLANG_WARN_DIRECT_OBJC_ISA_USAGE = YES_ERROR;
				CLANG_WARN_DOCUMENTATION_COMMENTS = YES;
				CLANG_WARN_EMPTY_BODY = YES;
				CLANG_WARN_ENUM_CONVERSION = YES;
				CLANG_WARN_INFINITE_RECURSION = YES;
				CLANG_WARN_INT_CONVERSION = YES;
				CLANG_WARN_NON_LITERAL_NULL_CONVERSION = YES;
				CLANG_WARN_OBJC_IMPLICIT_RETAIN_SELF = YES;
				CLANG_WARN_OBJC_LITERAL_CONVERSION = YES;
				CLANG_WARN_OBJC_ROOT_CLASS = YES_ERROR;
				CLANG_WARN_RANGE_LOOP_ANALYSIS = YES;
				CLANG_WARN_STRICT_PROTOTYPES = YES;
				CLANG_WARN_SUSPICIOUS_MOVE = YES;
				CLANG_WARN_UNGUARDED_AVAILABILITY = YES_AGGRESSIVE;
				CLANG_WARN_UNREACHABLE_CODE = YES;
				CLANG_WARN__DUPLICATE_METHOD_MATCH = YES;
				CODE_SIGN_IDENTITY = "iPhone Developer";
				COPY_PHASE_STRIP = NO;
				DEBUG_INFORMATION_FORMAT = "dwarf-with-dsym";
				ENABLE_NS_ASSERTIONS = NO;
				ENABLE_STRICT_OBJC_MSGSEND = YES;
				GCC_C_LANGUAGE_STANDARD = gnu11;
				GCC_NO_COMMON_BLOCKS = YES;
				GCC_WARN_64_TO_32_BIT_CONVERSION = YES;
				GCC_WARN_ABOUT_RETURN_TYPE = YES_ERROR;
				GCC_WARN_UNDECLARED_SELECTOR = YES;
				GCC_WARN_UNINITIALIZED_AUTOS = YES_AGGRESSIVE;
				GCC_WARN_UNUSED_FUNCTION = YES;
				GCC_WARN_UNUSED_VARIABLE = YES;
				IPHONEOS_DEPLOYMENT_TARGET = 11.4;
				MTL_ENABLE_DEBUG_INFO = NO;
				SDKROOT = iphoneos;
				SWIFT_COMPILATION_MODE = wholemodule;
				SWIFT_OPTIMIZATION_LEVEL = "-O";
				VALIDATE_PRODUCT = YES;
			};
			name = Release;
		};
		EC8F56AC20EB2E84005D6959 /* Debug */ = {
			isa = XCBuildConfiguration;
			baseConfigurationReference = C01FC24EC56D386209E14D14 /* Pods-VanTomation.debug.xcconfig */;
			buildSettings = {
				ASSETCATALOG_COMPILER_APPICON_NAME = AppIcon;
				CODE_SIGN_STYLE = Automatic;
				DEVELOPMENT_TEAM = XG2WG7U93U;
				INFOPLIST_FILE = VanTomation/Info.plist;
				LD_RUNPATH_SEARCH_PATHS = (
					"$(inherited)",
					"@executable_path/Frameworks",
				);
				PRODUCT_BUNDLE_IDENTIFIER = br.eng.gustavo.VanTomation;
				PRODUCT_NAME = "$(TARGET_NAME)";
				SWIFT_VERSION = 4.0;
				TARGETED_DEVICE_FAMILY = 1;
			};
			name = Debug;
		};
		EC8F56AD20EB2E84005D6959 /* Release */ = {
			isa = XCBuildConfiguration;
			baseConfigurationReference = 368C196598E59C2C19274BCE /* Pods-VanTomation.release.xcconfig */;
			buildSettings = {
				ASSETCATALOG_COMPILER_APPICON_NAME = AppIcon;
				CODE_SIGN_STYLE = Automatic;
				DEVELOPMENT_TEAM = XG2WG7U93U;
				INFOPLIST_FILE = VanTomation/Info.plist;
				LD_RUNPATH_SEARCH_PATHS = (
					"$(inherited)",
					"@executable_path/Frameworks",
				);
				PRODUCT_BUNDLE_IDENTIFIER = br.eng.gustavo.VanTomation;
				PRODUCT_NAME = "$(TARGET_NAME)";
				SWIFT_VERSION = 4.0;
				TARGETED_DEVICE_FAMILY = 1;
			};
			name = Release;
		};
		EC8F56AF20EB2E84005D6959 /* Debug */ = {
			isa = XCBuildConfiguration;
			baseConfigurationReference = BA6C123B898D8A8469E88FAD /* Pods-VanTomationTests.debug.xcconfig */;
			buildSettings = {
				ALWAYS_EMBED_SWIFT_STANDARD_LIBRARIES = YES;
				BUNDLE_LOADER = "$(TEST_HOST)";
				CODE_SIGN_STYLE = Automatic;
				DEVELOPMENT_TEAM = XG2WG7U93U;
				INFOPLIST_FILE = VanTomationTests/Info.plist;
				LD_RUNPATH_SEARCH_PATHS = (
					"$(inherited)",
					"@executable_path/Frameworks",
					"@loader_path/Frameworks",
				);
				PRODUCT_BUNDLE_IDENTIFIER = br.eng.gustavo.VanTomationTests;
				PRODUCT_NAME = "$(TARGET_NAME)";
				SWIFT_VERSION = 4.0;
				TARGETED_DEVICE_FAMILY = "1,2";
				TEST_HOST = "$(BUILT_PRODUCTS_DIR)/VanTomation.app/VanTomation";
			};
			name = Debug;
		};
		EC8F56B020EB2E84005D6959 /* Release */ = {
			isa = XCBuildConfiguration;
			baseConfigurationReference = BE7180F0C42A373ED079BB3B /* Pods-VanTomationTests.release.xcconfig */;
			buildSettings = {
				ALWAYS_EMBED_SWIFT_STANDARD_LIBRARIES = YES;
				BUNDLE_LOADER = "$(TEST_HOST)";
				CODE_SIGN_STYLE = Automatic;
				DEVELOPMENT_TEAM = XG2WG7U93U;
				INFOPLIST_FILE = VanTomationTests/Info.plist;
				LD_RUNPATH_SEARCH_PATHS = (
					"$(inherited)",
					"@executable_path/Frameworks",
					"@loader_path/Frameworks",
				);
				PRODUCT_BUNDLE_IDENTIFIER = br.eng.gustavo.VanTomationTests;
				PRODUCT_NAME = "$(TARGET_NAME)";
				SWIFT_VERSION = 4.0;
				TARGETED_DEVICE_FAMILY = "1,2";
				TEST_HOST = "$(BUILT_PRODUCTS_DIR)/VanTomation.app/VanTomation";
			};
			name = Release;
		};
		EC8F56B220EB2E84005D6959 /* Debug */ = {
			isa = XCBuildConfiguration;
			baseConfigurationReference = 103484006F8E181F5DEB5DEC /* Pods-VanTomationUITests.debug.xcconfig */;
			buildSettings = {
				ALWAYS_EMBED_SWIFT_STANDARD_LIBRARIES = YES;
				CODE_SIGN_STYLE = Automatic;
				DEVELOPMENT_TEAM = XG2WG7U93U;
				INFOPLIST_FILE = VanTomationUITests/Info.plist;
				LD_RUNPATH_SEARCH_PATHS = (
					"$(inherited)",
					"@executable_path/Frameworks",
					"@loader_path/Frameworks",
				);
				PRODUCT_BUNDLE_IDENTIFIER = br.eng.gustavo.VanTomationUITests;
				PRODUCT_NAME = "$(TARGET_NAME)";
				SWIFT_VERSION = 4.0;
				TARGETED_DEVICE_FAMILY = "1,2";
				TEST_TARGET_NAME = VanTomation;
			};
			name = Debug;
		};
		EC8F56B320EB2E84005D6959 /* Release */ = {
			isa = XCBuildConfiguration;
			baseConfigurationReference = DD5AB710BB35CE5026ED0398 /* Pods-VanTomationUITests.release.xcconfig */;
			buildSettings = {
				ALWAYS_EMBED_SWIFT_STANDARD_LIBRARIES = YES;
				CODE_SIGN_STYLE = Automatic;
				DEVELOPMENT_TEAM = XG2WG7U93U;
				INFOPLIST_FILE = VanTomationUITests/Info.plist;
				LD_RUNPATH_SEARCH_PATHS = (
					"$(inherited)",
					"@executable_path/Frameworks",
					"@loader_path/Frameworks",
				);
				PRODUCT_BUNDLE_IDENTIFIER = br.eng.gustavo.VanTomationUITests;
				PRODUCT_NAME = "$(TARGET_NAME)";
				SWIFT_VERSION = 4.0;
				TARGETED_DEVICE_FAMILY = "1,2";
				TEST_TARGET_NAME = VanTomation;
			};
			name = Release;
		};
/* End XCBuildConfiguration section */

/* Begin XCConfigurationList section */
		EC8F567E20EB2E82005D6959 /* Build configuration list for PBXProject "VanTomation" */ = {
			isa = XCConfigurationList;
			buildConfigurations = (
				EC8F56A920EB2E84005D6959 /* Debug */,
				EC8F56AA20EB2E84005D6959 /* Release */,
			);
			defaultConfigurationIsVisible = 0;
			defaultConfigurationName = Release;
		};
		EC8F56AB20EB2E84005D6959 /* Build configuration list for PBXNativeTarget "VanTomation" */ = {
			isa = XCConfigurationList;
			buildConfigurations = (
				EC8F56AC20EB2E84005D6959 /* Debug */,
				EC8F56AD20EB2E84005D6959 /* Release */,
			);
			defaultConfigurationIsVisible = 0;
			defaultConfigurationName = Release;
		};
		EC8F56AE20EB2E84005D6959 /* Build configuration list for PBXNativeTarget "VanTomationTests" */ = {
			isa = XCConfigurationList;
			buildConfigurations = (
				EC8F56AF20EB2E84005D6959 /* Debug */,
				EC8F56B020EB2E84005D6959 /* Release */,
			);
			defaultConfigurationIsVisible = 0;
			defaultConfigurationName = Release;
		};
		EC8F56B120EB2E84005D6959 /* Build configuration list for PBXNativeTarget "VanTomationUITests" */ = {
			isa = XCConfigurationList;
			buildConfigurations = (
				EC8F56B220EB2E84005D6959 /* Debug */,
				EC8F56B320EB2E84005D6959 /* Release */,
			);
			defaultConfigurationIsVisible = 0;
			defaultConfigurationName = Release;
		};
/* End XCConfigurationList section */
	};
	rootObject = EC8F567B20EB2E82005D6959 /* Project object */;
}
